Microsoft Visual Studio Solution File, Format Version 10.00
# Visual Studio 2008
Project("{2150E333-8FDC-42A3-9474-1A3956D46DE8}") = "postmorph", "postmorph", "{6212C482-FC80-4E2B-B0D2-0543467438BA}"
EndProject
Project("{2150E333-8FDC-42A3-9474-1A3956D46DE8}") = "tools", "tools", "{AC420AAF-BA7C-48B5-926D-BC44E800E2B4}"
EndProject
Project("{2150E333-8FDC-42A3-9474-1A3956D46DE8}") = "Syntax", "Syntax", "{EC6CC9D6-F730-438B-83BF-94CAE9CB5282}"
EndProject
Project("{2150E333-8FDC-42A3-9474-1A3956D46DE8}") = "Morphology", "Morphology", "{80FF54D9-59C9-47AD-90F6-9ABB1D44B1B3}"
EndProject
Project("{2150E333-8FDC-42A3-9474-1A3956D46DE8}") = "Dicts", "Dicts", "{89BDB2F6-9751-440B-AAFD-51AFEFC850F9}"
EndProject
Project("{2150E333-8FDC-42A3-9474-1A3956D46DE8}") = "Graphematics", "Graphematics", "{68107AB5-A218-452D-B860-C2AA6E5BF3A0}"
EndProject
Project("{2150E333-8FDC-42A3-9474-1A3956D46DE8}") = "Semantics", "Semantics", "{4346F7F8-B987-412A-8FD7-517F5D686BD5}"
EndProject
Project("{8BC9CEB8-8B4A-11D0-8D11-00A0C91BC942}") = "Checker", "Checker\Checker.vcproj", "{819D4CA7-8AF7-43C3-9582-BD2EBDABF40A}"
EndProject
Project("{8BC9CEB8-8B4A-11D0-8D11-00A0C91BC942}") = "MAPost", "MAPost\MAPost.vcproj", "{373BD3DC-E129-438C-8358-E36225CCD1F5}"
	ProjectSection(ProjectDependencies) = postProject
		{DE7A9722-7715-4480-93AD-C9CF3F02D19C} = {DE7A9722-7715-4480-93AD-C9CF3F02D19C}
		{340C354E-7543-45C8-B606-E8F7DC8330D7} = {340C354E-7543-45C8-B606-E8F7DC8330D7}
		{BC392768-3498-4F23-B7A8-A2958258E098} = {BC392768-3498-4F23-B7A8-A2958258E098}
		{3C8B7775-838C-44E6-9B56-89A9F9E243C3} = {3C8B7775-838C-44E6-9B56-89A9F9E243C3}
		{2C4C16AF-7F03-4F3F-BDAD-5F3D3FDFAD5F} = {2C4C16AF-7F03-4F3F-BDAD-5F3D3FDFAD5F}
		{826C72AF-77D2-4FAA-8E2E-2EC05530FC91} = {826C72AF-77D2-4FAA-8E2E-2EC05530FC91}
		{4E2ABCE5-A4AE-4F69-BA4F-6B8FF6FE9C39} = {4E2ABCE5-A4AE-4F69-BA4F-6B8FF6FE9C39}
		{E9B1B8FF-71A8-4721-AA54-61DE19CCB871} = {E9B1B8FF-71A8-4721-AA54-61DE19CCB871}
	EndProjectSection
EndProject
Project("{8BC9CEB8-8B4A-11D0-8D11-00A0C91BC942}") = "TrigramLib", "TrigramLib\TrigramLib.vcproj", "{DE7A9722-7715-4480-93AD-C9CF3F02D19C}"
EndProject
Project("{8BC9CEB8-8B4A-11D0-8D11-00A0C91BC942}") = "ConvertTrigramBinary", "ConvertTrigramBinary\ConvertTrigramBinary.vcproj", "{5E4DE9C0-4D43-476F-BEE9-DF9A6E85C744}"
	ProjectSection(ProjectDependencies) = postProject
		{DE7A9722-7715-4480-93AD-C9CF3F02D19C} = {DE7A9722-7715-4480-93AD-C9CF3F02D19C}
		{BC392768-3498-4F23-B7A8-A2958258E098} = {BC392768-3498-4F23-B7A8-A2958258E098}
		{2C4C16AF-7F03-4F3F-BDAD-5F3D3FDFAD5F} = {2C4C16AF-7F03-4F3F-BDAD-5F3D3FDFAD5F}
		{4E2ABCE5-A4AE-4F69-BA4F-6B8FF6FE9C39} = {4E2ABCE5-A4AE-4F69-BA4F-6B8FF6FE9C39}
		{E9B1B8FF-71A8-4721-AA54-61DE19CCB871} = {E9B1B8FF-71A8-4721-AA54-61DE19CCB871}
	EndProjectSection
EndProject
Project("{8BC9CEB8-8B4A-11D0-8D11-00A0C91BC942}") = "Trigram", "Trigram\Trigram.vcproj", "{4292E1EC-F61A-41D5-A3E0-6EB3FFA97384}"
	ProjectSection(ProjectDependencies) = postProject
		{DE7A9722-7715-4480-93AD-C9CF3F02D19C} = {DE7A9722-7715-4480-93AD-C9CF3F02D19C}
		{8A83F533-A053-4C9A-AAEA-D5EA4B088CAE} = {8A83F533-A053-4C9A-AAEA-D5EA4B088CAE}
		{BC392768-3498-4F23-B7A8-A2958258E098} = {BC392768-3498-4F23-B7A8-A2958258E098}
		{2C4C16AF-7F03-4F3F-BDAD-5F3D3FDFAD5F} = {2C4C16AF-7F03-4F3F-BDAD-5F3D3FDFAD5F}
		{4E2ABCE5-A4AE-4F69-BA4F-6B8FF6FE9C39} = {4E2ABCE5-A4AE-4F69-BA4F-6B8FF6FE9C39}
		{E9B1B8FF-71A8-4721-AA54-61DE19CCB871} = {E9B1B8FF-71A8-4721-AA54-61DE19CCB871}
	EndProjectSection
EndProject
Project("{8BC9CEB8-8B4A-11D0-8D11-00A0C91BC942}") = "SynAn", "SynAn\SynAn.vcproj", "{C5DF76D9-8F88-4281-A2E0-DA3D1511740C}"
	ProjectSection(ProjectDependencies) = postProject
		{5B797711-8D24-4E4C-9BBB-82DB937470EF} = {5B797711-8D24-4E4C-9BBB-82DB937470EF}
		{DE7A9722-7715-4480-93AD-C9CF3F02D19C} = {DE7A9722-7715-4480-93AD-C9CF3F02D19C}
		{BC392768-3498-4F23-B7A8-A2958258E098} = {BC392768-3498-4F23-B7A8-A2958258E098}
		{3C8B7775-838C-44E6-9B56-89A9F9E243C3} = {3C8B7775-838C-44E6-9B56-89A9F9E243C3}
		{0F7F8378-5CBA-4B88-9AF9-2BF88E1084AB} = {0F7F8378-5CBA-4B88-9AF9-2BF88E1084AB}
		{913F5B92-6E3F-4034-BBB3-6A426F0C0C78} = {913F5B92-6E3F-4034-BBB3-6A426F0C0C78}
		{D42CFD9A-41D1-447A-A97F-02E5B4FFE639} = {D42CFD9A-41D1-447A-A97F-02E5B4FFE639}
		{2C4C16AF-7F03-4F3F-BDAD-5F3D3FDFAD5F} = {2C4C16AF-7F03-4F3F-BDAD-5F3D3FDFAD5F}
		{826C72AF-77D2-4FAA-8E2E-2EC05530FC91} = {826C72AF-77D2-4FAA-8E2E-2EC05530FC91}
		{9E8E1DB9-71B4-4602-A356-23931ABBC79F} = {9E8E1DB9-71B4-4602-A356-23931ABBC79F}
		{DDD77DCE-8A14-4307-8E0D-7FD1C56D52CD} = {DDD77DCE-8A14-4307-8E0D-7FD1C56D52CD}
		{4E2ABCE5-A4AE-4F69-BA4F-6B8FF6FE9C39} = {4E2ABCE5-A4AE-4F69-BA4F-6B8FF6FE9C39}
		{E9B1B8FF-71A8-4721-AA54-61DE19CCB871} = {E9B1B8FF-71A8-4721-AA54-61DE19CCB871}
	EndProjectSection
EndProject
Project("{8BC9CEB8-8B4A-11D0-8D11-00A0C91BC942}") = "SynanLib", "SynanLib\SynanLib.vcproj", "{913F5B92-6E3F-4034-BBB3-6A426F0C0C78}"
EndProject
Project("{8BC9CEB8-8B4A-11D0-8D11-00A0C91BC942}") = "EngSynanLib", "EngSynanLib\EngSynanLib.vcproj", "{5B797711-8D24-4E4C-9BBB-82DB937470EF}"
EndProject
Project("{8BC9CEB8-8B4A-11D0-8D11-00A0C91BC942}") = "GerSynanLib", "GerSynanLib\GerSynanLib.vcproj", "{9E8E1DB9-71B4-4602-A356-23931ABBC79F}"
EndProject
Project("{8BC9CEB8-8B4A-11D0-8D11-00A0C91BC942}") = "SynCommonLib", "SynCommonLib\SynCommonLib.vcproj", "{0F7F8378-5CBA-4B88-9AF9-2BF88E1084AB}"
EndProject
Project("{8BC9CEB8-8B4A-11D0-8D11-00A0C91BC942}") = "TestSynan", "TestSynan\TestSynan.vcproj", "{4CE60B5F-0CE0-44EB-B587-26561BEB878C}"
	ProjectSection(ProjectDependencies) = postProject
		{5B797711-8D24-4E4C-9BBB-82DB937470EF} = {5B797711-8D24-4E4C-9BBB-82DB937470EF}
		{DE7A9722-7715-4480-93AD-C9CF3F02D19C} = {DE7A9722-7715-4480-93AD-C9CF3F02D19C}
		{340C354E-7543-45C8-B606-E8F7DC8330D7} = {340C354E-7543-45C8-B606-E8F7DC8330D7}
		{BC392768-3498-4F23-B7A8-A2958258E098} = {BC392768-3498-4F23-B7A8-A2958258E098}
		{3C8B7775-838C-44E6-9B56-89A9F9E243C3} = {3C8B7775-838C-44E6-9B56-89A9F9E243C3}
		{0F7F8378-5CBA-4B88-9AF9-2BF88E1084AB} = {0F7F8378-5CBA-4B88-9AF9-2BF88E1084AB}
		{913F5B92-6E3F-4034-BBB3-6A426F0C0C78} = {913F5B92-6E3F-4034-BBB3-6A426F0C0C78}
		{2C4C16AF-7F03-4F3F-BDAD-5F3D3FDFAD5F} = {2C4C16AF-7F03-4F3F-BDAD-5F3D3FDFAD5F}
		{826C72AF-77D2-4FAA-8E2E-2EC05530FC91} = {826C72AF-77D2-4FAA-8E2E-2EC05530FC91}
		{9E8E1DB9-71B4-4602-A356-23931ABBC79F} = {9E8E1DB9-71B4-4602-A356-23931ABBC79F}
		{DDD77DCE-8A14-4307-8E0D-7FD1C56D52CD} = {DDD77DCE-8A14-4307-8E0D-7FD1C56D52CD}
		{4E2ABCE5-A4AE-4F69-BA4F-6B8FF6FE9C39} = {4E2ABCE5-A4AE-4F69-BA4F-6B8FF6FE9C39}
		{E9B1B8FF-71A8-4721-AA54-61DE19CCB871} = {E9B1B8FF-71A8-4721-AA54-61DE19CCB871}
	EndProjectSection
EndProject
Project("{8BC9CEB8-8B4A-11D0-8D11-00A0C91BC942}") = "LemmatizerLib", "LemmatizerLib\LemmatizerLib.vcproj", "{BC392768-3498-4F23-B7A8-A2958258E098}"
EndProject
Project("{8BC9CEB8-8B4A-11D0-8D11-00A0C91BC942}") = "Lemmatizer", "Lemmatizer\Lemmatizer.vcproj", "{5F8DD161-E4D1-420D-8F89-08D0DCA9BC78}"
	ProjectSection(ProjectDependencies) = postProject
		{BC392768-3498-4F23-B7A8-A2958258E098} = {BC392768-3498-4F23-B7A8-A2958258E098}
		{2C4C16AF-7F03-4F3F-BDAD-5F3D3FDFAD5F} = {2C4C16AF-7F03-4F3F-BDAD-5F3D3FDFAD5F}
		{4E2ABCE5-A4AE-4F69-BA4F-6B8FF6FE9C39} = {4E2ABCE5-A4AE-4F69-BA4F-6B8FF6FE9C39}
		{E9B1B8FF-71A8-4721-AA54-61DE19CCB871} = {E9B1B8FF-71A8-4721-AA54-61DE19CCB871}
	EndProjectSection
EndProject
Project("{8BC9CEB8-8B4A-11D0-8D11-00A0C91BC942}") = "MorphWizardLib", "MorphWizardLib\MorphWizardLib.vcproj", "{E9B1B8FF-71A8-4721-AA54-61DE19CCB871}"
EndProject
Project("{8BC9CEB8-8B4A-11D0-8D11-00A0C91BC942}") = "TestLem", "TestLem\TestLem.vcproj", "{1DF5B199-5073-4CAE-A4DE-6113EF788E0A}"
	ProjectSection(ProjectDependencies) = postProject
		{8A83F533-A053-4C9A-AAEA-D5EA4B088CAE} = {8A83F533-A053-4C9A-AAEA-D5EA4B088CAE}
		{BC392768-3498-4F23-B7A8-A2958258E098} = {BC392768-3498-4F23-B7A8-A2958258E098}
		{2C4C16AF-7F03-4F3F-BDAD-5F3D3FDFAD5F} = {2C4C16AF-7F03-4F3F-BDAD-5F3D3FDFAD5F}
		{4E2ABCE5-A4AE-4F69-BA4F-6B8FF6FE9C39} = {4E2ABCE5-A4AE-4F69-BA4F-6B8FF6FE9C39}
		{E9B1B8FF-71A8-4721-AA54-61DE19CCB871} = {E9B1B8FF-71A8-4721-AA54-61DE19CCB871}
	EndProjectSection
EndProject
Project("{8BC9CEB8-8B4A-11D0-8D11-00A0C91BC942}") = "MAPostLib", "MAPostLib\MAPostLib.vcproj", "{826C72AF-77D2-4FAA-8E2E-2EC05530FC91}"
EndProject
Project("{8BC9CEB8-8B4A-11D0-8D11-00A0C91BC942}") = "StructDictLib", "StructDictLib\StructDictLib.vcproj", "{D42CFD9A-41D1-447A-A97F-02E5B4FFE639}"
EndProject
Project("{8BC9CEB8-8B4A-11D0-8D11-00A0C91BC942}") = "StructDict", "StructDict\StructDict.vcproj", "{8A83F533-A053-4C9A-AAEA-D5EA4B088CAE}"
	ProjectSection(ProjectDependencies) = postProject
		{D42CFD9A-41D1-447A-A97F-02E5B4FFE639} = {D42CFD9A-41D1-447A-A97F-02E5B4FFE639}
	EndProjectSection
EndProject
Project("{8BC9CEB8-8B4A-11D0-8D11-00A0C91BC942}") = "AgramtabLib", "AgramtabLib\AgramtabLib.vcproj", "{2C4C16AF-7F03-4F3F-BDAD-5F3D3FDFAD5F}"
EndProject
Project("{8BC9CEB8-8B4A-11D0-8D11-00A0C91BC942}") = "agramtab", "agramtab\agramtab.vcproj", "{E2C56EEC-F140-4501-A798-2A2498B1936F}"
	ProjectSection(ProjectDependencies) = postProject
		{2C4C16AF-7F03-4F3F-BDAD-5F3D3FDFAD5F} = {2C4C16AF-7F03-4F3F-BDAD-5F3D3FDFAD5F}
	EndProjectSection
EndProject
Project("{8BC9CEB8-8B4A-11D0-8D11-00A0C91BC942}") = "GraphanLib", "GraphanLib\GraphanLib.vcproj", "{4E2ABCE5-A4AE-4F69-BA4F-6B8FF6FE9C39}"
	ProjectSection(ProjectDependencies) = postProject
		{D42CFD9A-41D1-447A-A97F-02E5B4FFE639} = {D42CFD9A-41D1-447A-A97F-02E5B4FFE639}
	EndProjectSection
EndProject
Project("{8BC9CEB8-8B4A-11D0-8D11-00A0C91BC942}") = "graphan", "graphan\graphan.vcproj", "{DFC6E289-AD89-4CDC-BC52-32A71B230CF6}"
	ProjectSection(ProjectDependencies) = postProject
		{D42CFD9A-41D1-447A-A97F-02E5B4FFE639} = {D42CFD9A-41D1-447A-A97F-02E5B4FFE639}
		{4E2ABCE5-A4AE-4F69-BA4F-6B8FF6FE9C39} = {4E2ABCE5-A4AE-4F69-BA4F-6B8FF6FE9C39}
	EndProjectSection
EndProject
Project("{8BC9CEB8-8B4A-11D0-8D11-00A0C91BC942}") = "GraphmatThick", "GraphmatThick\GraphmatThick.vcproj", "{5511CAFB-AC80-4CED-B789-553CEB239B6C}"
	ProjectSection(ProjectDependencies) = postProject
		{D42CFD9A-41D1-447A-A97F-02E5B4FFE639} = {D42CFD9A-41D1-447A-A97F-02E5B4FFE639}
		{4E2ABCE5-A4AE-4F69-BA4F-6B8FF6FE9C39} = {4E2ABCE5-A4AE-4F69-BA4F-6B8FF6FE9C39}
	EndProjectSection
EndProject
Project("{8BC9CEB8-8B4A-11D0-8D11-00A0C91BC942}") = "SimpleGrammarLib", "SimpleGrammarLib\SimpleGrammarLib.vcproj", "{3C8B7775-838C-44E6-9B56-89A9F9E243C3}"
EndProject
Project("{8BC9CEB8-8B4A-11D0-8D11-00A0C91BC942}") = "RmlThesLib", "RmlThesLib\RmlThesLib.vcproj", "{DDD77DCE-8A14-4307-8E0D-7FD1C56D52CD}"
EndProject
Project("{8BC9CEB8-8B4A-11D0-8D11-00A0C91BC942}") = "GerPostMorph", "GerPostMorph\GerPostMorph.vcproj", "{340C354E-7543-45C8-B606-E8F7DC8330D7}"
EndProject
Project("{8BC9CEB8-8B4A-11D0-8D11-00A0C91BC942}") = "seman", "Seman\seman.vcproj", "{8E135C5B-2ED1-4CA6-905B-392CCD1842F5}"
	ProjectSection(ProjectDependencies) = postProject
		{5B797711-8D24-4E4C-9BBB-82DB937470EF} = {5B797711-8D24-4E4C-9BBB-82DB937470EF}
		{DE7A9722-7715-4480-93AD-C9CF3F02D19C} = {DE7A9722-7715-4480-93AD-C9CF3F02D19C}
		{C74E5A2C-E38F-4CC1-BC29-F278302DB510} = {C74E5A2C-E38F-4CC1-BC29-F278302DB510}
		{340C354E-7543-45C8-B606-E8F7DC8330D7} = {340C354E-7543-45C8-B606-E8F7DC8330D7}
		{BC392768-3498-4F23-B7A8-A2958258E098} = {BC392768-3498-4F23-B7A8-A2958258E098}
		{3C8B7775-838C-44E6-9B56-89A9F9E243C3} = {3C8B7775-838C-44E6-9B56-89A9F9E243C3}
		{0F7F8378-5CBA-4B88-9AF9-2BF88E1084AB} = {0F7F8378-5CBA-4B88-9AF9-2BF88E1084AB}
		{913F5B92-6E3F-4034-BBB3-6A426F0C0C78} = {913F5B92-6E3F-4034-BBB3-6A426F0C0C78}
		{D42CFD9A-41D1-447A-A97F-02E5B4FFE639} = {D42CFD9A-41D1-447A-A97F-02E5B4FFE639}
		{2441799D-228E-4666-AB47-2D6C794C501E} = {2441799D-228E-4666-AB47-2D6C794C501E}
		{2C4C16AF-7F03-4F3F-BDAD-5F3D3FDFAD5F} = {2C4C16AF-7F03-4F3F-BDAD-5F3D3FDFAD5F}
		{826C72AF-77D2-4FAA-8E2E-2EC05530FC91} = {826C72AF-77D2-4FAA-8E2E-2EC05530FC91}
		{72DC8DB2-5F04-4A4D-B7AB-9CFC7A9B3220} = {72DC8DB2-5F04-4A4D-B7AB-9CFC7A9B3220}
		{9E8E1DB9-71B4-4602-A356-23931ABBC79F} = {9E8E1DB9-71B4-4602-A356-23931ABBC79F}
		{DDD77DCE-8A14-4307-8E0D-7FD1C56D52CD} = {DDD77DCE-8A14-4307-8E0D-7FD1C56D52CD}
		{4E2ABCE5-A4AE-4F69-BA4F-6B8FF6FE9C39} = {4E2ABCE5-A4AE-4F69-BA4F-6B8FF6FE9C39}
		{E9B1B8FF-71A8-4721-AA54-61DE19CCB871} = {E9B1B8FF-71A8-4721-AA54-61DE19CCB871}
	EndProjectSection
EndProject
Project("{8BC9CEB8-8B4A-11D0-8D11-00A0C91BC942}") = "Transfer", "Transfer\Transfer.vcproj", "{C74E5A2C-E38F-4CC1-BC29-F278302DB510}"
EndProject
Project("{8BC9CEB8-8B4A-11D0-8D11-00A0C91BC942}") = "BinaryDictsLib", "BinaryDictsLib\BinaryDictsLib.vcproj", "{2441799D-228E-4666-AB47-2D6C794C501E}"
EndProject
Project("{8BC9CEB8-8B4A-11D0-8D11-00A0C91BC942}") = "SemanLib", "SemanLib\SemanLib.vcproj", "{72DC8DB2-5F04-4A4D-B7AB-9CFC7A9B3220}"
EndProject
Project("{8BC9CEB8-8B4A-11D0-8D11-00A0C91BC942}") = "RossDev", "RossDev\rossdev.vcproj", "{2E1DDC6A-986B-4AAC-A49C-2AFA4AEE6DF7}"
	ProjectSection(ProjectDependencies) = postProject
		{5B797711-8D24-4E4C-9BBB-82DB937470EF} = {5B797711-8D24-4E4C-9BBB-82DB937470EF}
		{DE7A9722-7715-4480-93AD-C9CF3F02D19C} = {DE7A9722-7715-4480-93AD-C9CF3F02D19C}
		{C74E5A2C-E38F-4CC1-BC29-F278302DB510} = {C74E5A2C-E38F-4CC1-BC29-F278302DB510}
		{340C354E-7543-45C8-B606-E8F7DC8330D7} = {340C354E-7543-45C8-B606-E8F7DC8330D7}
		{BC392768-3498-4F23-B7A8-A2958258E098} = {BC392768-3498-4F23-B7A8-A2958258E098}
		{3C8B7775-838C-44E6-9B56-89A9F9E243C3} = {3C8B7775-838C-44E6-9B56-89A9F9E243C3}
		{0F7F8378-5CBA-4B88-9AF9-2BF88E1084AB} = {0F7F8378-5CBA-4B88-9AF9-2BF88E1084AB}
		{913F5B92-6E3F-4034-BBB3-6A426F0C0C78} = {913F5B92-6E3F-4034-BBB3-6A426F0C0C78}
		{D42CFD9A-41D1-447A-A97F-02E5B4FFE639} = {D42CFD9A-41D1-447A-A97F-02E5B4FFE639}
		{2441799D-228E-4666-AB47-2D6C794C501E} = {2441799D-228E-4666-AB47-2D6C794C501E}
		{2C4C16AF-7F03-4F3F-BDAD-5F3D3FDFAD5F} = {2C4C16AF-7F03-4F3F-BDAD-5F3D3FDFAD5F}
		{826C72AF-77D2-4FAA-8E2E-2EC05530FC91} = {826C72AF-77D2-4FAA-8E2E-2EC05530FC91}
		{72DC8DB2-5F04-4A4D-B7AB-9CFC7A9B3220} = {72DC8DB2-5F04-4A4D-B7AB-9CFC7A9B3220}
		{9E8E1DB9-71B4-4602-A356-23931ABBC79F} = {9E8E1DB9-71B4-4602-A356-23931ABBC79F}
		{DDD77DCE-8A14-4307-8E0D-7FD1C56D52CD} = {DDD77DCE-8A14-4307-8E0D-7FD1C56D52CD}
		{4E2ABCE5-A4AE-4F69-BA4F-6B8FF6FE9C39} = {4E2ABCE5-A4AE-4F69-BA4F-6B8FF6FE9C39}
		{E9B1B8FF-71A8-4721-AA54-61DE19CCB871} = {E9B1B8FF-71A8-4721-AA54-61DE19CCB871}
	EndProjectSection
EndProject
Project("{8BC9CEB8-8B4A-11D0-8D11-00A0C91BC942}") = "SynanDmnLib", "SynanDmnLib\SynanDmnLib.vcproj", "{4ADDDB93-98F7-4F59-A42D-BD97D07421D3}"
EndProject
Project("{8BC9CEB8-8B4A-11D0-8D11-00A0C91BC942}") = "StatDatBin", "StatDatBin\StatDatBin.vcproj", "{A1D89104-7C04-4F09-A400-8D5F0E39AFCF}"
	ProjectSection(ProjectDependencies) = postProject
		{BC392768-3498-4F23-B7A8-A2958258E098} = {BC392768-3498-4F23-B7A8-A2958258E098}
		{D42CFD9A-41D1-447A-A97F-02E5B4FFE639} = {D42CFD9A-41D1-447A-A97F-02E5B4FFE639}
		{2C4C16AF-7F03-4F3F-BDAD-5F3D3FDFAD5F} = {2C4C16AF-7F03-4F3F-BDAD-5F3D3FDFAD5F}
		{4E2ABCE5-A4AE-4F69-BA4F-6B8FF6FE9C39} = {4E2ABCE5-A4AE-4F69-BA4F-6B8FF6FE9C39}
		{E9B1B8FF-71A8-4721-AA54-61DE19CCB871} = {E9B1B8FF-71A8-4721-AA54-61DE19CCB871}
	EndProjectSection
EndProject
Project("{8BC9CEB8-8B4A-11D0-8D11-00A0C91BC942}") = "WordDatBin", "WordDatBin\WordDatBin.vcproj", "{88477BD4-CE86-40B6-BAE7-B6141DEC4290}"
	ProjectSection(ProjectDependencies) = postProject
		{BC392768-3498-4F23-B7A8-A2958258E098} = {BC392768-3498-4F23-B7A8-A2958258E098}
		{D42CFD9A-41D1-447A-A97F-02E5B4FFE639} = {D42CFD9A-41D1-447A-A97F-02E5B4FFE639}
		{2C4C16AF-7F03-4F3F-BDAD-5F3D3FDFAD5F} = {2C4C16AF-7F03-4F3F-BDAD-5F3D3FDFAD5F}
		{4E2ABCE5-A4AE-4F69-BA4F-6B8FF6FE9C39} = {4E2ABCE5-A4AE-4F69-BA4F-6B8FF6FE9C39}
		{E9B1B8FF-71A8-4721-AA54-61DE19CCB871} = {E9B1B8FF-71A8-4721-AA54-61DE19CCB871}
	EndProjectSection
EndProject
Project("{8BC9CEB8-8B4A-11D0-8D11-00A0C91BC942}") = "SynanCGI", "SynanCGI\SynanCgi.vcproj", "{2F9AFAC4-1248-40B4-8BD8-F8DF05EBC9DB}"
EndProject
Project("{8BC9CEB8-8B4A-11D0-8D11-00A0C91BC942}") = "TestLemmatizerCOM", "TestLemmatizerCOM\TestLemmatizerCOM.vcproj", "{2AD59B55-D9F1-4D8E-892E-82E160108185}"
EndProject
Project("{8BC9CEB8-8B4A-11D0-8D11-00A0C91BC942}") = "MorphGen", "MorphGen\MorphGen.vcproj", "{3CFE48A6-B351-4615-8EBB-1AF85F03A98E}"
	ProjectSection(ProjectDependencies) = postProject
		{BC392768-3498-4F23-B7A8-A2958258E098} = {BC392768-3498-4F23-B7A8-A2958258E098}
		{2C4C16AF-7F03-4F3F-BDAD-5F3D3FDFAD5F} = {2C4C16AF-7F03-4F3F-BDAD-5F3D3FDFAD5F}
		{E9B1B8FF-71A8-4721-AA54-61DE19CCB871} = {E9B1B8FF-71A8-4721-AA54-61DE19CCB871}
	EndProjectSection
EndProject
Project("{8BC9CEB8-8B4A-11D0-8D11-00A0C91BC942}") = "FileLem", "FileLem\FileLem.vcproj", "{8310D447-8F06-4B69-9B7D-EEFCD1825EE3}"
	ProjectSection(ProjectDependencies) = postProject
		{BC392768-3498-4F23-B7A8-A2958258E098} = {BC392768-3498-4F23-B7A8-A2958258E098}
		{2C4C16AF-7F03-4F3F-BDAD-5F3D3FDFAD5F} = {2C4C16AF-7F03-4F3F-BDAD-5F3D3FDFAD5F}
		{4E2ABCE5-A4AE-4F69-BA4F-6B8FF6FE9C39} = {4E2ABCE5-A4AE-4F69-BA4F-6B8FF6FE9C39}
		{E9B1B8FF-71A8-4721-AA54-61DE19CCB871} = {E9B1B8FF-71A8-4721-AA54-61DE19CCB871}
	EndProjectSection
EndProject
Project("{8BC9CEB8-8B4A-11D0-8D11-00A0C91BC942}") = "TestSeman", "TestSeman\TestSeman.vcproj", "{ACD78690-82F6-467A-A545-9583A551FEE7}"
	ProjectSection(ProjectDependencies) = postProject
		{5B797711-8D24-4E4C-9BBB-82DB937470EF} = {5B797711-8D24-4E4C-9BBB-82DB937470EF}
		{DE7A9722-7715-4480-93AD-C9CF3F02D19C} = {DE7A9722-7715-4480-93AD-C9CF3F02D19C}
		{C74E5A2C-E38F-4CC1-BC29-F278302DB510} = {C74E5A2C-E38F-4CC1-BC29-F278302DB510}
		{340C354E-7543-45C8-B606-E8F7DC8330D7} = {340C354E-7543-45C8-B606-E8F7DC8330D7}
		{BC392768-3498-4F23-B7A8-A2958258E098} = {BC392768-3498-4F23-B7A8-A2958258E098}
		{3C8B7775-838C-44E6-9B56-89A9F9E243C3} = {3C8B7775-838C-44E6-9B56-89A9F9E243C3}
		{0F7F8378-5CBA-4B88-9AF9-2BF88E1084AB} = {0F7F8378-5CBA-4B88-9AF9-2BF88E1084AB}
		{913F5B92-6E3F-4034-BBB3-6A426F0C0C78} = {913F5B92-6E3F-4034-BBB3-6A426F0C0C78}
		{4ADDDB93-98F7-4F59-A42D-BD97D07421D3} = {4ADDDB93-98F7-4F59-A42D-BD97D07421D3}
		{D42CFD9A-41D1-447A-A97F-02E5B4FFE639} = {D42CFD9A-41D1-447A-A97F-02E5B4FFE639}
		{2441799D-228E-4666-AB47-2D6C794C501E} = {2441799D-228E-4666-AB47-2D6C794C501E}
		{2C4C16AF-7F03-4F3F-BDAD-5F3D3FDFAD5F} = {2C4C16AF-7F03-4F3F-BDAD-5F3D3FDFAD5F}
		{826C72AF-77D2-4FAA-8E2E-2EC05530FC91} = {826C72AF-77D2-4FAA-8E2E-2EC05530FC91}
		{72DC8DB2-5F04-4A4D-B7AB-9CFC7A9B3220} = {72DC8DB2-5F04-4A4D-B7AB-9CFC7A9B3220}
		{9E8E1DB9-71B4-4602-A356-23931ABBC79F} = {9E8E1DB9-71B4-4602-A356-23931ABBC79F}
		{DDD77DCE-8A14-4307-8E0D-7FD1C56D52CD} = {DDD77DCE-8A14-4307-8E0D-7FD1C56D52CD}
		{4E2ABCE5-A4AE-4F69-BA4F-6B8FF6FE9C39} = {4E2ABCE5-A4AE-4F69-BA4F-6B8FF6FE9C39}
		{E9B1B8FF-71A8-4721-AA54-61DE19CCB871} = {E9B1B8FF-71A8-4721-AA54-61DE19CCB871}
	EndProjectSection
EndProject
Project("{8BC9CEB8-8B4A-11D0-8D11-00A0C91BC942}") = "StructDictLoader", "StructDictLoader\StructDictLoader.vcproj", "{09C24082-A6F9-4E19-8C80-99E68E71BF94}"
	ProjectSection(ProjectDependencies) = postProject
		{D42CFD9A-41D1-447A-A97F-02E5B4FFE639} = {D42CFD9A-41D1-447A-A97F-02E5B4FFE639}
	EndProjectSection
EndProject
Project("{8BC9CEB8-8B4A-11D0-8D11-00A0C91BC942}") = "demo", "Demo\demo.vcproj", "{CB5AA0C0-E2A2-4D35-8A26-15265A42174C}"
EndProject
Project("{8BC9CEB8-8B4A-11D0-8D11-00A0C91BC942}") = "test_graphan", "test_graphan\test_graphan.vcproj", "{7069326B-7527-4BDD-8F9E-2ED52564621E}"
EndProject
Project("{8BC9CEB8-8B4A-11D0-8D11-00A0C91BC942}") = "MorphCorpusCreator", "MorphCorpusCreator\MorphCorpusCreator.vcproj", "{6259EF59-6BE9-4350-A817-CCB2CA90E9A2}"
EndProject
Project("{8BC9CEB8-8B4A-11D0-8D11-00A0C91BC942}") = "VisualSynan", "VisualSynan\VisualSynan.vcproj", "{19769A0E-EDDD-45DE-AD47-84DBFF70EEF5}"
EndProject
Project("{8BC9CEB8-8B4A-11D0-8D11-00A0C91BC942}") = "SimpleGrammarPrecompiled", "SimpleGrammarPrecompiled\SimpleGrammarPrecompiled.vcproj", "{72DF32F4-AD80-43EC-AAEF-EB498D924722}"
	ProjectSection(ProjectDependencies) = postProject
		{BC392768-3498-4F23-B7A8-A2958258E098} = {BC392768-3498-4F23-B7A8-A2958258E098}
		{3C8B7775-838C-44E6-9B56-89A9F9E243C3} = {3C8B7775-838C-44E6-9B56-89A9F9E243C3}
		{D42CFD9A-41D1-447A-A97F-02E5B4FFE639} = {D42CFD9A-41D1-447A-A97F-02E5B4FFE639}
		{2C4C16AF-7F03-4F3F-BDAD-5F3D3FDFAD5F} = {2C4C16AF-7F03-4F3F-BDAD-5F3D3FDFAD5F}
		{4E2ABCE5-A4AE-4F69-BA4F-6B8FF6FE9C39} = {4E2ABCE5-A4AE-4F69-BA4F-6B8FF6FE9C39}
		{E9B1B8FF-71A8-4721-AA54-61DE19CCB871} = {E9B1B8FF-71A8-4721-AA54-61DE19CCB871}
	EndProjectSection
EndProject
Global
	GlobalSection(SolutionConfigurationPlatforms) = preSolution
		Debug|Win32 = Debug|Win32
		Debug-DLL|Win32 = Debug-DLL|Win32
		Release|Win32 = Release|Win32
		Release-Single-Threaded|Win32 = Release-Single-Threaded|Win32
	EndGlobalSection
	GlobalSection(ProjectConfigurationPlatforms) = postSolution
		{819D4CA7-8AF7-43C3-9582-BD2EBDABF40A}.Debug|Win32.ActiveCfg = Debug|Win32
		{819D4CA7-8AF7-43C3-9582-BD2EBDABF40A}.Debug|Win32.Build.0 = Debug|Win32
		{819D4CA7-8AF7-43C3-9582-BD2EBDABF40A}.Debug-DLL|Win32.ActiveCfg = Debug|Win32
		{819D4CA7-8AF7-43C3-9582-BD2EBDABF40A}.Debug-DLL|Win32.Build.0 = Debug|Win32
		{819D4CA7-8AF7-43C3-9582-BD2EBDABF40A}.Release|Win32.ActiveCfg = Release|Win32
		{819D4CA7-8AF7-43C3-9582-BD2EBDABF40A}.Release|Win32.Build.0 = Release|Win32
		{819D4CA7-8AF7-43C3-9582-BD2EBDABF40A}.Release-Single-Threaded|Win32.ActiveCfg = Release|Win32
		{819D4CA7-8AF7-43C3-9582-BD2EBDABF40A}.Release-Single-Threaded|Win32.Build.0 = Release|Win32
		{373BD3DC-E129-438C-8358-E36225CCD1F5}.Debug|Win32.ActiveCfg = Debug|Win32
		{373BD3DC-E129-438C-8358-E36225CCD1F5}.Debug|Win32.Build.0 = Debug|Win32
		{373BD3DC-E129-438C-8358-E36225CCD1F5}.Debug-DLL|Win32.ActiveCfg = Debug|Win32
		{373BD3DC-E129-438C-8358-E36225CCD1F5}.Debug-DLL|Win32.Build.0 = Debug|Win32
		{373BD3DC-E129-438C-8358-E36225CCD1F5}.Release|Win32.ActiveCfg = Release|Win32
		{373BD3DC-E129-438C-8358-E36225CCD1F5}.Release|Win32.Build.0 = Release|Win32
		{373BD3DC-E129-438C-8358-E36225CCD1F5}.Release-Single-Threaded|Win32.ActiveCfg = Release|Win32
		{373BD3DC-E129-438C-8358-E36225CCD1F5}.Release-Single-Threaded|Win32.Build.0 = Release|Win32
		{DE7A9722-7715-4480-93AD-C9CF3F02D19C}.Debug|Win32.ActiveCfg = Debug|Win32
		{DE7A9722-7715-4480-93AD-C9CF3F02D19C}.Debug|Win32.Build.0 = Debug|Win32
		{DE7A9722-7715-4480-93AD-C9CF3F02D19C}.Debug-DLL|Win32.ActiveCfg = Debug|Win32
		{DE7A9722-7715-4480-93AD-C9CF3F02D19C}.Debug-DLL|Win32.Build.0 = Debug|Win32
		{DE7A9722-7715-4480-93AD-C9CF3F02D19C}.Release|Win32.ActiveCfg = Release|Win32
		{DE7A9722-7715-4480-93AD-C9CF3F02D19C}.Release|Win32.Build.0 = Release|Win32
		{DE7A9722-7715-4480-93AD-C9CF3F02D19C}.Release-Single-Threaded|Win32.ActiveCfg = Release|Win32
		{DE7A9722-7715-4480-93AD-C9CF3F02D19C}.Release-Single-Threaded|Win32.Build.0 = Release|Win32
		{5E4DE9C0-4D43-476F-BEE9-DF9A6E85C744}.Debug|Win32.ActiveCfg = Debug|Win32
		{5E4DE9C0-4D43-476F-BEE9-DF9A6E85C744}.Debug|Win32.Build.0 = Debug|Win32
		{5E4DE9C0-4D43-476F-BEE9-DF9A6E85C744}.Debug-DLL|Win32.ActiveCfg = Debug|Win32
		{5E4DE9C0-4D43-476F-BEE9-DF9A6E85C744}.Debug-DLL|Win32.Build.0 = Debug|Win32
		{5E4DE9C0-4D43-476F-BEE9-DF9A6E85C744}.Release|Win32.ActiveCfg = Release|Win32
		{5E4DE9C0-4D43-476F-BEE9-DF9A6E85C744}.Release|Win32.Build.0 = Release|Win32
		{5E4DE9C0-4D43-476F-BEE9-DF9A6E85C744}.Release-Single-Threaded|Win32.ActiveCfg = Release|Win32
		{5E4DE9C0-4D43-476F-BEE9-DF9A6E85C744}.Release-Single-Threaded|Win32.Build.0 = Release|Win32
		{4292E1EC-F61A-41D5-A3E0-6EB3FFA97384}.Debug|Win32.ActiveCfg = Debug|Win32
		{4292E1EC-F61A-41D5-A3E0-6EB3FFA97384}.Debug|Win32.Build.0 = Debug|Win32
		{4292E1EC-F61A-41D5-A3E0-6EB3FFA97384}.Debug-DLL|Win32.ActiveCfg = Debug|Win32
		{4292E1EC-F61A-41D5-A3E0-6EB3FFA97384}.Debug-DLL|Win32.Build.0 = Debug|Win32
		{4292E1EC-F61A-41D5-A3E0-6EB3FFA97384}.Release|Win32.ActiveCfg = Release|Win32
		{4292E1EC-F61A-41D5-A3E0-6EB3FFA97384}.Release|Win32.Build.0 = Release|Win32
		{4292E1EC-F61A-41D5-A3E0-6EB3FFA97384}.Release-Single-Threaded|Win32.ActiveCfg = Release|Win32
		{4292E1EC-F61A-41D5-A3E0-6EB3FFA97384}.Release-Single-Threaded|Win32.Build.0 = Release|Win32
		{C5DF76D9-8F88-4281-A2E0-DA3D1511740C}.Debug|Win32.ActiveCfg = Debug|Win32
		{C5DF76D9-8F88-4281-A2E0-DA3D1511740C}.Debug|Win32.Build.0 = Debug|Win32
		{C5DF76D9-8F88-4281-A2E0-DA3D1511740C}.Debug-DLL|Win32.ActiveCfg = Debug|Win32
		{C5DF76D9-8F88-4281-A2E0-DA3D1511740C}.Debug-DLL|Win32.Build.0 = Debug|Win32
		{C5DF76D9-8F88-4281-A2E0-DA3D1511740C}.Release|Win32.ActiveCfg = Release|Win32
		{C5DF76D9-8F88-4281-A2E0-DA3D1511740C}.Release|Win32.Build.0 = Release|Win32
		{C5DF76D9-8F88-4281-A2E0-DA3D1511740C}.Release-Single-Threaded|Win32.ActiveCfg = Release|Win32
		{C5DF76D9-8F88-4281-A2E0-DA3D1511740C}.Release-Single-Threaded|Win32.Build.0 = Release|Win32
		{913F5B92-6E3F-4034-BBB3-6A426F0C0C78}.Debug|Win32.ActiveCfg = Debug|Win32
		{913F5B92-6E3F-4034-BBB3-6A426F0C0C78}.Debug|Win32.Build.0 = Debug|Win32
		{913F5B92-6E3F-4034-BBB3-6A426F0C0C78}.Debug-DLL|Win32.ActiveCfg = Debug|Win32
		{913F5B92-6E3F-4034-BBB3-6A426F0C0C78}.Debug-DLL|Win32.Build.0 = Debug|Win32
		{913F5B92-6E3F-4034-BBB3-6A426F0C0C78}.Release|Win32.ActiveCfg = Release|Win32
		{913F5B92-6E3F-4034-BBB3-6A426F0C0C78}.Release|Win32.Build.0 = Release|Win32
		{913F5B92-6E3F-4034-BBB3-6A426F0C0C78}.Release-Single-Threaded|Win32.ActiveCfg = Release|Win32
		{913F5B92-6E3F-4034-BBB3-6A426F0C0C78}.Release-Single-Threaded|Win32.Build.0 = Release|Win32
		{5B797711-8D24-4E4C-9BBB-82DB937470EF}.Debug|Win32.ActiveCfg = Debug|Win32
		{5B797711-8D24-4E4C-9BBB-82DB937470EF}.Debug|Win32.Build.0 = Debug|Win32
		{5B797711-8D24-4E4C-9BBB-82DB937470EF}.Debug-DLL|Win32.ActiveCfg = Debug|Win32
		{5B797711-8D24-4E4C-9BBB-82DB937470EF}.Debug-DLL|Win32.Build.0 = Debug|Win32
		{5B797711-8D24-4E4C-9BBB-82DB937470EF}.Release|Win32.ActiveCfg = Release|Win32
		{5B797711-8D24-4E4C-9BBB-82DB937470EF}.Release|Win32.Build.0 = Release|Win32
		{5B797711-8D24-4E4C-9BBB-82DB937470EF}.Release-Single-Threaded|Win32.ActiveCfg = Release|Win32
		{5B797711-8D24-4E4C-9BBB-82DB937470EF}.Release-Single-Threaded|Win32.Build.0 = Release|Win32
		{9E8E1DB9-71B4-4602-A356-23931ABBC79F}.Debug|Win32.ActiveCfg = Debug|Win32
		{9E8E1DB9-71B4-4602-A356-23931ABBC79F}.Debug|Win32.Build.0 = Debug|Win32
		{9E8E1DB9-71B4-4602-A356-23931ABBC79F}.Debug-DLL|Win32.ActiveCfg = Debug|Win32
		{9E8E1DB9-71B4-4602-A356-23931ABBC79F}.Debug-DLL|Win32.Build.0 = Debug|Win32
		{9E8E1DB9-71B4-4602-A356-23931ABBC79F}.Release|Win32.ActiveCfg = Release|Win32
		{9E8E1DB9-71B4-4602-A356-23931ABBC79F}.Release|Win32.Build.0 = Release|Win32
		{9E8E1DB9-71B4-4602-A356-23931ABBC79F}.Release-Single-Threaded|Win32.ActiveCfg = Release|Win32
		{9E8E1DB9-71B4-4602-A356-23931ABBC79F}.Release-Single-Threaded|Win32.Build.0 = Release|Win32
		{0F7F8378-5CBA-4B88-9AF9-2BF88E1084AB}.Debug|Win32.ActiveCfg = Debug|Win32
		{0F7F8378-5CBA-4B88-9AF9-2BF88E1084AB}.Debug|Win32.Build.0 = Debug|Win32
		{0F7F8378-5CBA-4B88-9AF9-2BF88E1084AB}.Debug-DLL|Win32.ActiveCfg = Debug|Win32
		{0F7F8378-5CBA-4B88-9AF9-2BF88E1084AB}.Debug-DLL|Win32.Build.0 = Debug|Win32
		{0F7F8378-5CBA-4B88-9AF9-2BF88E1084AB}.Release|Win32.ActiveCfg = Release|Win32
		{0F7F8378-5CBA-4B88-9AF9-2BF88E1084AB}.Release|Win32.Build.0 = Release|Win32
		{0F7F8378-5CBA-4B88-9AF9-2BF88E1084AB}.Release-Single-Threaded|Win32.ActiveCfg = Release|Win32
		{0F7F8378-5CBA-4B88-9AF9-2BF88E1084AB}.Release-Single-Threaded|Win32.Build.0 = Release|Win32
		{4CE60B5F-0CE0-44EB-B587-26561BEB878C}.Debug|Win32.ActiveCfg = Debug|Win32
		{4CE60B5F-0CE0-44EB-B587-26561BEB878C}.Debug|Win32.Build.0 = Debug|Win32
		{4CE60B5F-0CE0-44EB-B587-26561BEB878C}.Debug-DLL|Win32.ActiveCfg = Debug|Win32
		{4CE60B5F-0CE0-44EB-B587-26561BEB878C}.Debug-DLL|Win32.Build.0 = Debug|Win32
		{4CE60B5F-0CE0-44EB-B587-26561BEB878C}.Release|Win32.ActiveCfg = Release|Win32
		{4CE60B5F-0CE0-44EB-B587-26561BEB878C}.Release|Win32.Build.0 = Release|Win32
		{4CE60B5F-0CE0-44EB-B587-26561BEB878C}.Release-Single-Threaded|Win32.ActiveCfg = Release|Win32
		{4CE60B5F-0CE0-44EB-B587-26561BEB878C}.Release-Single-Threaded|Win32.Build.0 = Release|Win32
		{BC392768-3498-4F23-B7A8-A2958258E098}.Debug|Win32.ActiveCfg = Debug|Win32
		{BC392768-3498-4F23-B7A8-A2958258E098}.Debug|Win32.Build.0 = Debug|Win32
		{BC392768-3498-4F23-B7A8-A2958258E098}.Debug-DLL|Win32.ActiveCfg = Debug|Win32
		{BC392768-3498-4F23-B7A8-A2958258E098}.Debug-DLL|Win32.Build.0 = Debug|Win32
		{BC392768-3498-4F23-B7A8-A2958258E098}.Release|Win32.ActiveCfg = Release|Win32
		{BC392768-3498-4F23-B7A8-A2958258E098}.Release|Win32.Build.0 = Release|Win32
		{BC392768-3498-4F23-B7A8-A2958258E098}.Release-Single-Threaded|Win32.ActiveCfg = Release|Win32
		{BC392768-3498-4F23-B7A8-A2958258E098}.Release-Single-Threaded|Win32.Build.0 = Release|Win32
		{5F8DD161-E4D1-420D-8F89-08D0DCA9BC78}.Debug|Win32.ActiveCfg = Debug|Win32
		{5F8DD161-E4D1-420D-8F89-08D0DCA9BC78}.Debug|Win32.Build.0 = Debug|Win32
		{5F8DD161-E4D1-420D-8F89-08D0DCA9BC78}.Debug-DLL|Win32.ActiveCfg = Debug|Win32
		{5F8DD161-E4D1-420D-8F89-08D0DCA9BC78}.Debug-DLL|Win32.Build.0 = Debug|Win32
		{5F8DD161-E4D1-420D-8F89-08D0DCA9BC78}.Release|Win32.ActiveCfg = Release|Win32
		{5F8DD161-E4D1-420D-8F89-08D0DCA9BC78}.Release|Win32.Build.0 = Release|Win32
		{5F8DD161-E4D1-420D-8F89-08D0DCA9BC78}.Release-Single-Threaded|Win32.ActiveCfg = Release|Win32
		{5F8DD161-E4D1-420D-8F89-08D0DCA9BC78}.Release-Single-Threaded|Win32.Build.0 = Release|Win32
		{E9B1B8FF-71A8-4721-AA54-61DE19CCB871}.Debug|Win32.ActiveCfg = Debug|Win32
		{E9B1B8FF-71A8-4721-AA54-61DE19CCB871}.Debug|Win32.Build.0 = Debug|Win32
		{E9B1B8FF-71A8-4721-AA54-61DE19CCB871}.Debug-DLL|Win32.ActiveCfg = Debug|Win32
		{E9B1B8FF-71A8-4721-AA54-61DE19CCB871}.Debug-DLL|Win32.Build.0 = Debug|Win32
		{E9B1B8FF-71A8-4721-AA54-61DE19CCB871}.Release|Win32.ActiveCfg = Release|Win32
		{E9B1B8FF-71A8-4721-AA54-61DE19CCB871}.Release|Win32.Build.0 = Release|Win32
		{E9B1B8FF-71A8-4721-AA54-61DE19CCB871}.Release-Single-Threaded|Win32.ActiveCfg = Release|Win32
		{E9B1B8FF-71A8-4721-AA54-61DE19CCB871}.Release-Single-Threaded|Win32.Build.0 = Release|Win32
		{1DF5B199-5073-4CAE-A4DE-6113EF788E0A}.Debug|Win32.ActiveCfg = Debug|Win32
		{1DF5B199-5073-4CAE-A4DE-6113EF788E0A}.Debug|Win32.Build.0 = Debug|Win32
		{1DF5B199-5073-4CAE-A4DE-6113EF788E0A}.Debug-DLL|Win32.ActiveCfg = Debug|Win32
		{1DF5B199-5073-4CAE-A4DE-6113EF788E0A}.Debug-DLL|Win32.Build.0 = Debug|Win32
		{1DF5B199-5073-4CAE-A4DE-6113EF788E0A}.Release|Win32.ActiveCfg = Release-Single-Threaded|Win32
		{1DF5B199-5073-4CAE-A4DE-6113EF788E0A}.Release|Win32.Build.0 = Release-Single-Threaded|Win32
		{1DF5B199-5073-4CAE-A4DE-6113EF788E0A}.Release-Single-Threaded|Win32.ActiveCfg = Release-Single-Threaded|Win32
		{1DF5B199-5073-4CAE-A4DE-6113EF788E0A}.Release-Single-Threaded|Win32.Build.0 = Release-Single-Threaded|Win32
		{826C72AF-77D2-4FAA-8E2E-2EC05530FC91}.Debug|Win32.ActiveCfg = Debug|Win32
		{826C72AF-77D2-4FAA-8E2E-2EC05530FC91}.Debug|Win32.Build.0 = Debug|Win32
		{826C72AF-77D2-4FAA-8E2E-2EC05530FC91}.Debug-DLL|Win32.ActiveCfg = Debug|Win32
		{826C72AF-77D2-4FAA-8E2E-2EC05530FC91}.Debug-DLL|Win32.Build.0 = Debug|Win32
		{826C72AF-77D2-4FAA-8E2E-2EC05530FC91}.Release|Win32.ActiveCfg = Release|Win32
		{826C72AF-77D2-4FAA-8E2E-2EC05530FC91}.Release|Win32.Build.0 = Release|Win32
		{826C72AF-77D2-4FAA-8E2E-2EC05530FC91}.Release-Single-Threaded|Win32.ActiveCfg = Release|Win32
		{826C72AF-77D2-4FAA-8E2E-2EC05530FC91}.Release-Single-Threaded|Win32.Build.0 = Release|Win32
		{D42CFD9A-41D1-447A-A97F-02E5B4FFE639}.Debug|Win32.ActiveCfg = Debug|Win32
		{D42CFD9A-41D1-447A-A97F-02E5B4FFE639}.Debug|Win32.Build.0 = Debug|Win32
		{D42CFD9A-41D1-447A-A97F-02E5B4FFE639}.Debug-DLL|Win32.ActiveCfg = Debug|Win32
		{D42CFD9A-41D1-447A-A97F-02E5B4FFE639}.Debug-DLL|Win32.Build.0 = Debug|Win32
		{D42CFD9A-41D1-447A-A97F-02E5B4FFE639}.Release|Win32.ActiveCfg = Release|Win32
		{D42CFD9A-41D1-447A-A97F-02E5B4FFE639}.Release|Win32.Build.0 = Release|Win32
		{D42CFD9A-41D1-447A-A97F-02E5B4FFE639}.Release-Single-Threaded|Win32.ActiveCfg = Release|Win32
		{D42CFD9A-41D1-447A-A97F-02E5B4FFE639}.Release-Single-Threaded|Win32.Build.0 = Release|Win32
		{8A83F533-A053-4C9A-AAEA-D5EA4B088CAE}.Debug|Win32.ActiveCfg = Debug|Win32
		{8A83F533-A053-4C9A-AAEA-D5EA4B088CAE}.Debug|Win32.Build.0 = Debug|Win32
		{8A83F533-A053-4C9A-AAEA-D5EA4B088CAE}.Debug-DLL|Win32.ActiveCfg = Debug|Win32
		{8A83F533-A053-4C9A-AAEA-D5EA4B088CAE}.Debug-DLL|Win32.Build.0 = Debug|Win32
		{8A83F533-A053-4C9A-AAEA-D5EA4B088CAE}.Release|Win32.ActiveCfg = Release|Win32
		{8A83F533-A053-4C9A-AAEA-D5EA4B088CAE}.Release|Win32.Build.0 = Release|Win32
		{8A83F533-A053-4C9A-AAEA-D5EA4B088CAE}.Release-Single-Threaded|Win32.ActiveCfg = Release|Win32
		{8A83F533-A053-4C9A-AAEA-D5EA4B088CAE}.Release-Single-Threaded|Win32.Build.0 = Release|Win32
		{2C4C16AF-7F03-4F3F-BDAD-5F3D3FDFAD5F}.Debug|Win32.ActiveCfg = Debug|Win32
		{2C4C16AF-7F03-4F3F-BDAD-5F3D3FDFAD5F}.Debug|Win32.Build.0 = Debug|Win32
		{2C4C16AF-7F03-4F3F-BDAD-5F3D3FDFAD5F}.Debug-DLL|Win32.ActiveCfg = Debug|Win32
		{2C4C16AF-7F03-4F3F-BDAD-5F3D3FDFAD5F}.Debug-DLL|Win32.Build.0 = Debug|Win32
		{2C4C16AF-7F03-4F3F-BDAD-5F3D3FDFAD5F}.Release|Win32.ActiveCfg = Release|Win32
		{2C4C16AF-7F03-4F3F-BDAD-5F3D3FDFAD5F}.Release|Win32.Build.0 = Release|Win32
		{2C4C16AF-7F03-4F3F-BDAD-5F3D3FDFAD5F}.Release-Single-Threaded|Win32.ActiveCfg = Release|Win32
		{2C4C16AF-7F03-4F3F-BDAD-5F3D3FDFAD5F}.Release-Single-Threaded|Win32.Build.0 = Release|Win32
		{E2C56EEC-F140-4501-A798-2A2498B1936F}.Debug|Win32.ActiveCfg = Debug|Win32
		{E2C56EEC-F140-4501-A798-2A2498B1936F}.Debug|Win32.Build.0 = Debug|Win32
		{E2C56EEC-F140-4501-A798-2A2498B1936F}.Debug-DLL|Win32.ActiveCfg = Debug|Win32
		{E2C56EEC-F140-4501-A798-2A2498B1936F}.Debug-DLL|Win32.Build.0 = Debug|Win32
		{E2C56EEC-F140-4501-A798-2A2498B1936F}.Release|Win32.ActiveCfg = Release|Win32
		{E2C56EEC-F140-4501-A798-2A2498B1936F}.Release|Win32.Build.0 = Release|Win32
		{E2C56EEC-F140-4501-A798-2A2498B1936F}.Release-Single-Threaded|Win32.ActiveCfg = Release|Win32
		{E2C56EEC-F140-4501-A798-2A2498B1936F}.Release-Single-Threaded|Win32.Build.0 = Release|Win32
		{4E2ABCE5-A4AE-4F69-BA4F-6B8FF6FE9C39}.Debug|Win32.ActiveCfg = Debug|Win32
		{4E2ABCE5-A4AE-4F69-BA4F-6B8FF6FE9C39}.Debug|Win32.Build.0 = Debug|Win32
		{4E2ABCE5-A4AE-4F69-BA4F-6B8FF6FE9C39}.Debug-DLL|Win32.ActiveCfg = Debug|Win32
		{4E2ABCE5-A4AE-4F69-BA4F-6B8FF6FE9C39}.Debug-DLL|Win32.Build.0 = Debug|Win32
		{4E2ABCE5-A4AE-4F69-BA4F-6B8FF6FE9C39}.Release|Win32.ActiveCfg = Release|Win32
		{4E2ABCE5-A4AE-4F69-BA4F-6B8FF6FE9C39}.Release|Win32.Build.0 = Release|Win32
		{4E2ABCE5-A4AE-4F69-BA4F-6B8FF6FE9C39}.Release-Single-Threaded|Win32.ActiveCfg = Release|Win32
		{4E2ABCE5-A4AE-4F69-BA4F-6B8FF6FE9C39}.Release-Single-Threaded|Win32.Build.0 = Release|Win32
		{DFC6E289-AD89-4CDC-BC52-32A71B230CF6}.Debug|Win32.ActiveCfg = Debug|Win32
		{DFC6E289-AD89-4CDC-BC52-32A71B230CF6}.Debug|Win32.Build.0 = Debug|Win32
		{DFC6E289-AD89-4CDC-BC52-32A71B230CF6}.Debug-DLL|Win32.ActiveCfg = Debug|Win32
		{DFC6E289-AD89-4CDC-BC52-32A71B230CF6}.Debug-DLL|Win32.Build.0 = Debug|Win32
		{DFC6E289-AD89-4CDC-BC52-32A71B230CF6}.Release|Win32.ActiveCfg = Release|Win32
		{DFC6E289-AD89-4CDC-BC52-32A71B230CF6}.Release|Win32.Build.0 = Release|Win32
		{DFC6E289-AD89-4CDC-BC52-32A71B230CF6}.Release-Single-Threaded|Win32.ActiveCfg = Release|Win32
		{DFC6E289-AD89-4CDC-BC52-32A71B230CF6}.Release-Single-Threaded|Win32.Build.0 = Release|Win32
		{5511CAFB-AC80-4CED-B789-553CEB239B6C}.Debug|Win32.ActiveCfg = Debug|Win32
		{5511CAFB-AC80-4CED-B789-553CEB239B6C}.Debug|Win32.Build.0 = Debug|Win32
		{5511CAFB-AC80-4CED-B789-553CEB239B6C}.Debug-DLL|Win32.ActiveCfg = Debug|Win32
		{5511CAFB-AC80-4CED-B789-553CEB239B6C}.Debug-DLL|Win32.Build.0 = Debug|Win32
		{5511CAFB-AC80-4CED-B789-553CEB239B6C}.Release|Win32.ActiveCfg = Release|Win32
		{5511CAFB-AC80-4CED-B789-553CEB239B6C}.Release|Win32.Build.0 = Release|Win32
		{5511CAFB-AC80-4CED-B789-553CEB239B6C}.Release-Single-Threaded|Win32.ActiveCfg = Release|Win32
		{5511CAFB-AC80-4CED-B789-553CEB239B6C}.Release-Single-Threaded|Win32.Build.0 = Release|Win32
		{3C8B7775-838C-44E6-9B56-89A9F9E243C3}.Debug|Win32.ActiveCfg = Debug|Win32
		{3C8B7775-838C-44E6-9B56-89A9F9E243C3}.Debug|Win32.Build.0 = Debug|Win32
		{3C8B7775-838C-44E6-9B56-89A9F9E243C3}.Debug-DLL|Win32.ActiveCfg = Debug|Win32
		{3C8B7775-838C-44E6-9B56-89A9F9E243C3}.Debug-DLL|Win32.Build.0 = Debug|Win32
		{3C8B7775-838C-44E6-9B56-89A9F9E243C3}.Release|Win32.ActiveCfg = Release|Win32
		{3C8B7775-838C-44E6-9B56-89A9F9E243C3}.Release|Win32.Build.0 = Release|Win32
		{3C8B7775-838C-44E6-9B56-89A9F9E243C3}.Release-Single-Threaded|Win32.ActiveCfg = Release|Win32
		{3C8B7775-838C-44E6-9B56-89A9F9E243C3}.Release-Single-Threaded|Win32.Build.0 = Release|Win32
		{DDD77DCE-8A14-4307-8E0D-7FD1C56D52CD}.Debug|Win32.ActiveCfg = Debug|Win32
		{DDD77DCE-8A14-4307-8E0D-7FD1C56D52CD}.Debug|Win32.Build.0 = Debug|Win32
		{DDD77DCE-8A14-4307-8E0D-7FD1C56D52CD}.Debug-DLL|Win32.ActiveCfg = Debug|Win32
		{DDD77DCE-8A14-4307-8E0D-7FD1C56D52CD}.Debug-DLL|Win32.Build.0 = Debug|Win32
		{DDD77DCE-8A14-4307-8E0D-7FD1C56D52CD}.Release|Win32.ActiveCfg = Release|Win32
		{DDD77DCE-8A14-4307-8E0D-7FD1C56D52CD}.Release|Win32.Build.0 = Release|Win32
		{DDD77DCE-8A14-4307-8E0D-7FD1C56D52CD}.Release-Single-Threaded|Win32.ActiveCfg = Release|Win32
		{DDD77DCE-8A14-4307-8E0D-7FD1C56D52CD}.Release-Single-Threaded|Win32.Build.0 = Release|Win32
		{340C354E-7543-45C8-B606-E8F7DC8330D7}.Debug|Win32.ActiveCfg = Debug|Win32
		{340C354E-7543-45C8-B606-E8F7DC8330D7}.Debug|Win32.Build.0 = Debug|Win32
		{340C354E-7543-45C8-B606-E8F7DC8330D7}.Debug-DLL|Win32.ActiveCfg = Debug|Win32
		{340C354E-7543-45C8-B606-E8F7DC8330D7}.Debug-DLL|Win32.Build.0 = Debug|Win32
		{340C354E-7543-45C8-B606-E8F7DC8330D7}.Release|Win32.ActiveCfg = Release|Win32
		{340C354E-7543-45C8-B606-E8F7DC8330D7}.Release|Win32.Build.0 = Release|Win32
		{340C354E-7543-45C8-B606-E8F7DC8330D7}.Release-Single-Threaded|Win32.ActiveCfg = Release|Win32
		{340C354E-7543-45C8-B606-E8F7DC8330D7}.Release-Single-Threaded|Win32.Build.0 = Release|Win32
		{8E135C5B-2ED1-4CA6-905B-392CCD1842F5}.Debug|Win32.ActiveCfg = Debug|Win32
		{8E135C5B-2ED1-4CA6-905B-392CCD1842F5}.Debug|Win32.Build.0 = Debug|Win32
		{8E135C5B-2ED1-4CA6-905B-392CCD1842F5}.Debug-DLL|Win32.ActiveCfg = Debug|Win32
		{8E135C5B-2ED1-4CA6-905B-392CCD1842F5}.Debug-DLL|Win32.Build.0 = Debug|Win32
		{8E135C5B-2ED1-4CA6-905B-392CCD1842F5}.Release|Win32.ActiveCfg = Release|Win32
		{8E135C5B-2ED1-4CA6-905B-392CCD1842F5}.Release|Win32.Build.0 = Release|Win32
		{8E135C5B-2ED1-4CA6-905B-392CCD1842F5}.Release-Single-Threaded|Win32.ActiveCfg = Release|Win32
		{8E135C5B-2ED1-4CA6-905B-392CCD1842F5}.Release-Single-Threaded|Win32.Build.0 = Release|Win32
		{C74E5A2C-E38F-4CC1-BC29-F278302DB510}.Debug|Win32.ActiveCfg = Debug|Win32
		{C74E5A2C-E38F-4CC1-BC29-F278302DB510}.Debug|Win32.Build.0 = Debug|Win32
		{C74E5A2C-E38F-4CC1-BC29-F278302DB510}.Debug-DLL|Win32.ActiveCfg = Debug|Win32
		{C74E5A2C-E38F-4CC1-BC29-F278302DB510}.Debug-DLL|Win32.Build.0 = Debug|Win32
		{C74E5A2C-E38F-4CC1-BC29-F278302DB510}.Release|Win32.ActiveCfg = Release|Win32
		{C74E5A2C-E38F-4CC1-BC29-F278302DB510}.Release|Win32.Build.0 = Release|Win32
		{C74E5A2C-E38F-4CC1-BC29-F278302DB510}.Release-Single-Threaded|Win32.ActiveCfg = Release|Win32
		{C74E5A2C-E38F-4CC1-BC29-F278302DB510}.Release-Single-Threaded|Win32.Build.0 = Release|Win32
		{2441799D-228E-4666-AB47-2D6C794C501E}.Debug|Win32.ActiveCfg = Debug|Win32
		{2441799D-228E-4666-AB47-2D6C794C501E}.Debug|Win32.Build.0 = Debug|Win32
		{2441799D-228E-4666-AB47-2D6C794C501E}.Debug-DLL|Win32.ActiveCfg = Debug|Win32
		{2441799D-228E-4666-AB47-2D6C794C501E}.Debug-DLL|Win32.Build.0 = Debug|Win32
		{2441799D-228E-4666-AB47-2D6C794C501E}.Release|Win32.ActiveCfg = Release|Win32
		{2441799D-228E-4666-AB47-2D6C794C501E}.Release|Win32.Build.0 = Release|Win32
		{2441799D-228E-4666-AB47-2D6C794C501E}.Release-Single-Threaded|Win32.ActiveCfg = Release|Win32
		{2441799D-228E-4666-AB47-2D6C794C501E}.Release-Single-Threaded|Win32.Build.0 = Release|Win32
		{72DC8DB2-5F04-4A4D-B7AB-9CFC7A9B3220}.Debug|Win32.ActiveCfg = Debug|Win32
		{72DC8DB2-5F04-4A4D-B7AB-9CFC7A9B3220}.Debug|Win32.Build.0 = Debug|Win32
		{72DC8DB2-5F04-4A4D-B7AB-9CFC7A9B3220}.Debug-DLL|Win32.ActiveCfg = Debug|Win32
		{72DC8DB2-5F04-4A4D-B7AB-9CFC7A9B3220}.Debug-DLL|Win32.Build.0 = Debug|Win32
		{72DC8DB2-5F04-4A4D-B7AB-9CFC7A9B3220}.Release|Win32.ActiveCfg = Release|Win32
		{72DC8DB2-5F04-4A4D-B7AB-9CFC7A9B3220}.Release|Win32.Build.0 = Release|Win32
		{72DC8DB2-5F04-4A4D-B7AB-9CFC7A9B3220}.Release-Single-Threaded|Win32.ActiveCfg = Release|Win32
		{72DC8DB2-5F04-4A4D-B7AB-9CFC7A9B3220}.Release-Single-Threaded|Win32.Build.0 = Release|Win32
		{2E1DDC6A-986B-4AAC-A49C-2AFA4AEE6DF7}.Debug|Win32.ActiveCfg = Debug|Win32
		{2E1DDC6A-986B-4AAC-A49C-2AFA4AEE6DF7}.Debug|Win32.Build.0 = Debug|Win32
		{2E1DDC6A-986B-4AAC-A49C-2AFA4AEE6DF7}.Debug-DLL|Win32.ActiveCfg = Debug|Win32
		{2E1DDC6A-986B-4AAC-A49C-2AFA4AEE6DF7}.Debug-DLL|Win32.Build.0 = Debug|Win32
		{2E1DDC6A-986B-4AAC-A49C-2AFA4AEE6DF7}.Release|Win32.ActiveCfg = Release|Win32
		{2E1DDC6A-986B-4AAC-A49C-2AFA4AEE6DF7}.Release|Win32.Build.0 = Release|Win32
		{2E1DDC6A-986B-4AAC-A49C-2AFA4AEE6DF7}.Release-Single-Threaded|Win32.ActiveCfg = Release|Win32
		{2E1DDC6A-986B-4AAC-A49C-2AFA4AEE6DF7}.Release-Single-Threaded|Win32.Build.0 = Release|Win32
		{4ADDDB93-98F7-4F59-A42D-BD97D07421D3}.Debug|Win32.ActiveCfg = Debug|Win32
		{4ADDDB93-98F7-4F59-A42D-BD97D07421D3}.Debug|Win32.Build.0 = Debug|Win32
		{4ADDDB93-98F7-4F59-A42D-BD97D07421D3}.Debug-DLL|Win32.ActiveCfg = Debug|Win32
		{4ADDDB93-98F7-4F59-A42D-BD97D07421D3}.Debug-DLL|Win32.Build.0 = Debug|Win32
		{4ADDDB93-98F7-4F59-A42D-BD97D07421D3}.Release|Win32.ActiveCfg = Release|Win32
		{4ADDDB93-98F7-4F59-A42D-BD97D07421D3}.Release|Win32.Build.0 = Release|Win32
		{4ADDDB93-98F7-4F59-A42D-BD97D07421D3}.Release-Single-Threaded|Win32.ActiveCfg = Release|Win32
		{4ADDDB93-98F7-4F59-A42D-BD97D07421D3}.Release-Single-Threaded|Win32.Build.0 = Release|Win32
		{A1D89104-7C04-4F09-A400-8D5F0E39AFCF}.Debug|Win32.ActiveCfg = Debug|Win32
		{A1D89104-7C04-4F09-A400-8D5F0E39AFCF}.Debug|Win32.Build.0 = Debug|Win32
		{A1D89104-7C04-4F09-A400-8D5F0E39AFCF}.Debug-DLL|Win32.ActiveCfg = Debug|Win32
		{A1D89104-7C04-4F09-A400-8D5F0E39AFCF}.Debug-DLL|Win32.Build.0 = Debug|Win32
		{A1D89104-7C04-4F09-A400-8D5F0E39AFCF}.Release|Win32.ActiveCfg = Release|Win32
		{A1D89104-7C04-4F09-A400-8D5F0E39AFCF}.Release|Win32.Build.0 = Release|Win32
		{A1D89104-7C04-4F09-A400-8D5F0E39AFCF}.Release-Single-Threaded|Win32.ActiveCfg = Release|Win32
		{A1D89104-7C04-4F09-A400-8D5F0E39AFCF}.Release-Single-Threaded|Win32.Build.0 = Release|Win32
		{88477BD4-CE86-40B6-BAE7-B6141DEC4290}.Debug|Win32.ActiveCfg = Debug|Win32
		{88477BD4-CE86-40B6-BAE7-B6141DEC4290}.Debug|Win32.Build.0 = Debug|Win32
		{88477BD4-CE86-40B6-BAE7-B6141DEC4290}.Debug-DLL|Win32.ActiveCfg = Debug|Win32
		{88477BD4-CE86-40B6-BAE7-B6141DEC4290}.Debug-DLL|Win32.Build.0 = Debug|Win32
		{88477BD4-CE86-40B6-BAE7-B6141DEC4290}.Release|Win32.ActiveCfg = Release|Win32
		{88477BD4-CE86-40B6-BAE7-B6141DEC4290}.Release|Win32.Build.0 = Release|Win32
		{88477BD4-CE86-40B6-BAE7-B6141DEC4290}.Release-Single-Threaded|Win32.ActiveCfg = Release|Win32
		{88477BD4-CE86-40B6-BAE7-B6141DEC4290}.Release-Single-Threaded|Win32.Build.0 = Release|Win32
		{2F9AFAC4-1248-40B4-8BD8-F8DF05EBC9DB}.Debug|Win32.ActiveCfg = Debug|Win32
		{2F9AFAC4-1248-40B4-8BD8-F8DF05EBC9DB}.Debug|Win32.Build.0 = Debug|Win32
		{2F9AFAC4-1248-40B4-8BD8-F8DF05EBC9DB}.Debug-DLL|Win32.ActiveCfg = Debug|Win32
		{2F9AFAC4-1248-40B4-8BD8-F8DF05EBC9DB}.Debug-DLL|Win32.Build.0 = Debug|Win32
		{2F9AFAC4-1248-40B4-8BD8-F8DF05EBC9DB}.Release|Win32.ActiveCfg = Release|Win32
		{2F9AFAC4-1248-40B4-8BD8-F8DF05EBC9DB}.Release|Win32.Build.0 = Release|Win32
		{2F9AFAC4-1248-40B4-8BD8-F8DF05EBC9DB}.Release-Single-Threaded|Win32.ActiveCfg = Release|Win32
		{2F9AFAC4-1248-40B4-8BD8-F8DF05EBC9DB}.Release-Single-Threaded|Win32.Build.0 = Release|Win32
		{2AD59B55-D9F1-4D8E-892E-82E160108185}.Debug|Win32.ActiveCfg = Debug|Win32
		{2AD59B55-D9F1-4D8E-892E-82E160108185}.Debug|Win32.Build.0 = Debug|Win32
		{2AD59B55-D9F1-4D8E-892E-82E160108185}.Debug-DLL|Win32.ActiveCfg = Debug-DLL|Win32
		{2AD59B55-D9F1-4D8E-892E-82E160108185}.Debug-DLL|Win32.Build.0 = Debug-DLL|Win32
		{2AD59B55-D9F1-4D8E-892E-82E160108185}.Release|Win32.ActiveCfg = Release|Win32
		{2AD59B55-D9F1-4D8E-892E-82E160108185}.Release|Win32.Build.0 = Release|Win32
		{2AD59B55-D9F1-4D8E-892E-82E160108185}.Release-Single-Threaded|Win32.ActiveCfg = Release|Win32
		{2AD59B55-D9F1-4D8E-892E-82E160108185}.Release-Single-Threaded|Win32.Build.0 = Release|Win32
		{3CFE48A6-B351-4615-8EBB-1AF85F03A98E}.Debug|Win32.ActiveCfg = Debug|Win32
		{3CFE48A6-B351-4615-8EBB-1AF85F03A98E}.Debug|Win32.Build.0 = Debug|Win32
		{3CFE48A6-B351-4615-8EBB-1AF85F03A98E}.Debug-DLL|Win32.ActiveCfg = Debug-DLL|Win32
		{3CFE48A6-B351-4615-8EBB-1AF85F03A98E}.Debug-DLL|Win32.Build.0 = Debug-DLL|Win32
		{3CFE48A6-B351-4615-8EBB-1AF85F03A98E}.Release|Win32.ActiveCfg = Release-Single-Threaded|Win32
		{3CFE48A6-B351-4615-8EBB-1AF85F03A98E}.Release|Win32.Build.0 = Release-Single-Threaded|Win32
		{3CFE48A6-B351-4615-8EBB-1AF85F03A98E}.Release-Single-Threaded|Win32.ActiveCfg = Release-Single-Threaded|Win32
		{3CFE48A6-B351-4615-8EBB-1AF85F03A98E}.Release-Single-Threaded|Win32.Build.0 = Release-Single-Threaded|Win32
		{8310D447-8F06-4B69-9B7D-EEFCD1825EE3}.Debug|Win32.ActiveCfg = Debug|Win32
		{8310D447-8F06-4B69-9B7D-EEFCD1825EE3}.Debug|Win32.Build.0 = Debug|Win32
		{8310D447-8F06-4B69-9B7D-EEFCD1825EE3}.Debug-DLL|Win32.ActiveCfg = Debug|Win32
		{8310D447-8F06-4B69-9B7D-EEFCD1825EE3}.Debug-DLL|Win32.Build.0 = Debug|Win32
		{8310D447-8F06-4B69-9B7D-EEFCD1825EE3}.Release|Win32.ActiveCfg = Release-Single-Threaded|Win32
		{8310D447-8F06-4B69-9B7D-EEFCD1825EE3}.Release|Win32.Build.0 = Release-Single-Threaded|Win32
		{8310D447-8F06-4B69-9B7D-EEFCD1825EE3}.Release-Single-Threaded|Win32.ActiveCfg = Release-Single-Threaded|Win32
		{8310D447-8F06-4B69-9B7D-EEFCD1825EE3}.Release-Single-Threaded|Win32.Build.0 = Release-Single-Threaded|Win32
		{ACD78690-82F6-467A-A545-9583A551FEE7}.Debug|Win32.ActiveCfg = Debug|Win32
		{ACD78690-82F6-467A-A545-9583A551FEE7}.Debug|Win32.Build.0 = Debug|Win32
		{ACD78690-82F6-467A-A545-9583A551FEE7}.Debug-DLL|Win32.ActiveCfg = Debug|Win32
		{ACD78690-82F6-467A-A545-9583A551FEE7}.Debug-DLL|Win32.Build.0 = Debug|Win32
		{ACD78690-82F6-467A-A545-9583A551FEE7}.Release|Win32.ActiveCfg = Release|Win32
		{ACD78690-82F6-467A-A545-9583A551FEE7}.Release|Win32.Build.0 = Release|Win32
		{ACD78690-82F6-467A-A545-9583A551FEE7}.Release-Single-Threaded|Win32.ActiveCfg = Release|Win32
		{ACD78690-82F6-467A-A545-9583A551FEE7}.Release-Single-Threaded|Win32.Build.0 = Release|Win32
		{09C24082-A6F9-4E19-8C80-99E68E71BF94}.Debug|Win32.ActiveCfg = Debug|Win32
		{09C24082-A6F9-4E19-8C80-99E68E71BF94}.Debug|Win32.Build.0 = Debug|Win32
		{09C24082-A6F9-4E19-8C80-99E68E71BF94}.Debug-DLL|Win32.ActiveCfg = Debug|Win32
		{09C24082-A6F9-4E19-8C80-99E68E71BF94}.Debug-DLL|Win32.Build.0 = Debug|Win32
		{09C24082-A6F9-4E19-8C80-99E68E71BF94}.Release|Win32.ActiveCfg = Release|Win32
		{09C24082-A6F9-4E19-8C80-99E68E71BF94}.Release|Win32.Build.0 = Release|Win32
		{09C24082-A6F9-4E19-8C80-99E68E71BF94}.Release-Single-Threaded|Win32.ActiveCfg = Release|Win32
		{09C24082-A6F9-4E19-8C80-99E68E71BF94}.Release-Single-Threaded|Win32.Build.0 = Release|Win32
		{CB5AA0C0-E2A2-4D35-8A26-15265A42174C}.Debug|Win32.ActiveCfg = Debug|Win32
		{CB5AA0C0-E2A2-4D35-8A26-15265A42174C}.Debug|Win32.Build.0 = Debug|Win32
		{CB5AA0C0-E2A2-4D35-8A26-15265A42174C}.Debug-DLL|Win32.ActiveCfg = Debug|Win32
		{CB5AA0C0-E2A2-4D35-8A26-15265A42174C}.Debug-DLL|Win32.Build.0 = Debug|Win32
		{CB5AA0C0-E2A2-4D35-8A26-15265A42174C}.Release|Win32.ActiveCfg = Release|Win32
		{CB5AA0C0-E2A2-4D35-8A26-15265A42174C}.Release|Win32.Build.0 = Release|Win32
		{CB5AA0C0-E2A2-4D35-8A26-15265A42174C}.Release-Single-Threaded|Win32.ActiveCfg = Release|Win32
		{CB5AA0C0-E2A2-4D35-8A26-15265A42174C}.Release-Single-Threaded|Win32.Build.0 = Release|Win32
		{7069326B-7527-4BDD-8F9E-2ED52564621E}.Debug|Win32.ActiveCfg = Debug|Win32
		{7069326B-7527-4BDD-8F9E-2ED52564621E}.Debug|Win32.Build.0 = Debug|Win32
		{7069326B-7527-4BDD-8F9E-2ED52564621E}.Debug-DLL|Win32.ActiveCfg = Debug|Win32
		{7069326B-7527-4BDD-8F9E-2ED52564621E}.Debug-DLL|Win32.Build.0 = Debug|Win32
		{7069326B-7527-4BDD-8F9E-2ED52564621E}.Release|Win32.ActiveCfg = Release|Win32
		{7069326B-7527-4BDD-8F9E-2ED52564621E}.Release|Win32.Build.0 = Release|Win32
		{7069326B-7527-4BDD-8F9E-2ED52564621E}.Release-Single-Threaded|Win32.ActiveCfg = Release|Win32
		{7069326B-7527-4BDD-8F9E-2ED52564621E}.Release-Single-Threaded|Win32.Build.0 = Release|Win32
		{6259EF59-6BE9-4350-A817-CCB2CA90E9A2}.Debug|Win32.ActiveCfg = Debug|Win32
		{6259EF59-6BE9-4350-A817-CCB2CA90E9A2}.Debug|Win32.Build.0 = Debug|Win32
		{6259EF59-6BE9-4350-A817-CCB2CA90E9A2}.Debug-DLL|Win32.ActiveCfg = Debug|Win32
		{6259EF59-6BE9-4350-A817-CCB2CA90E9A2}.Debug-DLL|Win32.Build.0 = Debug|Win32
		{6259EF59-6BE9-4350-A817-CCB2CA90E9A2}.Release|Win32.ActiveCfg = Release|Win32
		{6259EF59-6BE9-4350-A817-CCB2CA90E9A2}.Release|Win32.Build.0 = Release|Win32
		{6259EF59-6BE9-4350-A817-CCB2CA90E9A2}.Release-Single-Threaded|Win32.ActiveCfg = Release|Win32
		{6259EF59-6BE9-4350-A817-CCB2CA90E9A2}.Release-Single-Threaded|Win32.Build.0 = Release|Win32
		{19769A0E-EDDD-45DE-AD47-84DBFF70EEF5}.Debug|Win32.ActiveCfg = Debug|Win32
		{19769A0E-EDDD-45DE-AD47-84DBFF70EEF5}.Debug|Win32.Build.0 = Debug|Win32
		{19769A0E-EDDD-45DE-AD47-84DBFF70EEF5}.Debug-DLL|Win32.ActiveCfg = Debug|Win32
		{19769A0E-EDDD-45DE-AD47-84DBFF70EEF5}.Debug-DLL|Win32.Build.0 = Debug|Win32
		{19769A0E-EDDD-45DE-AD47-84DBFF70EEF5}.Release|Win32.ActiveCfg = Release|Win32
		{19769A0E-EDDD-45DE-AD47-84DBFF70EEF5}.Release|Win32.Build.0 = Release|Win32
		{19769A0E-EDDD-45DE-AD47-84DBFF70EEF5}.Release-Single-Threaded|Win32.ActiveCfg = Release|Win32
		{19769A0E-EDDD-45DE-AD47-84DBFF70EEF5}.Release-Single-Threaded|Win32.Build.0 = Release|Win32
		{72DF32F4-AD80-43EC-AAEF-EB498D924722}.Debug|Win32.ActiveCfg = Debug|Win32
		{72DF32F4-AD80-43EC-AAEF-EB498D924722}.Debug|Win32.Build.0 = Debug|Win32
		{72DF32F4-AD80-43EC-AAEF-EB498D924722}.Debug-DLL|Win32.ActiveCfg = Debug|Win32
		{72DF32F4-AD80-43EC-AAEF-EB498D924722}.Debug-DLL|Win32.Build.0 = Debug|Win32
		{72DF32F4-AD80-43EC-AAEF-EB498D924722}.Release|Win32.ActiveCfg = Release|Win32
		{72DF32F4-AD80-43EC-AAEF-EB498D924722}.Release|Win32.Build.0 = Release|Win32
		{72DF32F4-AD80-43EC-AAEF-EB498D924722}.Release-Single-Threaded|Win32.ActiveCfg = Release|Win32
		{72DF32F4-AD80-43EC-AAEF-EB498D924722}.Release-Single-Threaded|Win32.Build.0 = Release|Win32
	EndGlobalSection
	GlobalSection(SolutionProperties) = preSolution
		HideSolutionNode = FALSE
	EndGlobalSection
	GlobalSection(NestedProjects) = preSolution
		{373BD3DC-E129-438C-8358-E36225CCD1F5} = {6212C482-FC80-4E2B-B0D2-0543467438BA}
		{DE7A9722-7715-4480-93AD-C9CF3F02D19C} = {6212C482-FC80-4E2B-B0D2-0543467438BA}
		{5E4DE9C0-4D43-476F-BEE9-DF9A6E85C744} = {6212C482-FC80-4E2B-B0D2-0543467438BA}
		{4292E1EC-F61A-41D5-A3E0-6EB3FFA97384} = {6212C482-FC80-4E2B-B0D2-0543467438BA}
		{826C72AF-77D2-4FAA-8E2E-2EC05530FC91} = {6212C482-FC80-4E2B-B0D2-0543467438BA}
		{3C8B7775-838C-44E6-9B56-89A9F9E243C3} = {6212C482-FC80-4E2B-B0D2-0543467438BA}
		{340C354E-7543-45C8-B606-E8F7DC8330D7} = {6212C482-FC80-4E2B-B0D2-0543467438BA}
		{819D4CA7-8AF7-43C3-9582-BD2EBDABF40A} = {AC420AAF-BA7C-48B5-926D-BC44E800E2B4}
		{4CE60B5F-0CE0-44EB-B587-26561BEB878C} = {AC420AAF-BA7C-48B5-926D-BC44E800E2B4}
		{2F9AFAC4-1248-40B4-8BD8-F8DF05EBC9DB} = {AC420AAF-BA7C-48B5-926D-BC44E800E2B4}
		{09C24082-A6F9-4E19-8C80-99E68E71BF94} = {AC420AAF-BA7C-48B5-926D-BC44E800E2B4}
		{CB5AA0C0-E2A2-4D35-8A26-15265A42174C} = {AC420AAF-BA7C-48B5-926D-BC44E800E2B4}
		{6259EF59-6BE9-4350-A817-CCB2CA90E9A2} = {AC420AAF-BA7C-48B5-926D-BC44E800E2B4}
		{19769A0E-EDDD-45DE-AD47-84DBFF70EEF5} = {AC420AAF-BA7C-48B5-926D-BC44E800E2B4}
		{72DF32F4-AD80-43EC-AAEF-EB498D924722} = {AC420AAF-BA7C-48B5-926D-BC44E800E2B4}
		{C5DF76D9-8F88-4281-A2E0-DA3D1511740C} = {EC6CC9D6-F730-438B-83BF-94CAE9CB5282}
		{913F5B92-6E3F-4034-BBB3-6A426F0C0C78} = {EC6CC9D6-F730-438B-83BF-94CAE9CB5282}
		{5B797711-8D24-4E4C-9BBB-82DB937470EF} = {EC6CC9D6-F730-438B-83BF-94CAE9CB5282}
		{9E8E1DB9-71B4-4602-A356-23931ABBC79F} = {EC6CC9D6-F730-438B-83BF-94CAE9CB5282}
		{0F7F8378-5CBA-4B88-9AF9-2BF88E1084AB} = {EC6CC9D6-F730-438B-83BF-94CAE9CB5282}
		{DDD77DCE-8A14-4307-8E0D-7FD1C56D52CD} = {EC6CC9D6-F730-438B-83BF-94CAE9CB5282}
		{4ADDDB93-98F7-4F59-A42D-BD97D07421D3} = {EC6CC9D6-F730-438B-83BF-94CAE9CB5282}
		{ACD78690-82F6-467A-A545-9583A551FEE7} = {EC6CC9D6-F730-438B-83BF-94CAE9CB5282}
		{BC392768-3498-4F23-B7A8-A2958258E098} = {80FF54D9-59C9-47AD-90F6-9ABB1D44B1B3}
		{5F8DD161-E4D1-420D-8F89-08D0DCA9BC78} = {80FF54D9-59C9-47AD-90F6-9ABB1D44B1B3}
		{E9B1B8FF-71A8-4721-AA54-61DE19CCB871} = {80FF54D9-59C9-47AD-90F6-9ABB1D44B1B3}
		{1DF5B199-5073-4CAE-A4DE-6113EF788E0A} = {80FF54D9-59C9-47AD-90F6-9ABB1D44B1B3}
		{2AD59B55-D9F1-4D8E-892E-82E160108185} = {80FF54D9-59C9-47AD-90F6-9ABB1D44B1B3}
		{3CFE48A6-B351-4615-8EBB-1AF85F03A98E} = {80FF54D9-59C9-47AD-90F6-9ABB1D44B1B3}
		{8310D447-8F06-4B69-9B7D-EEFCD1825EE3} = {80FF54D9-59C9-47AD-90F6-9ABB1D44B1B3}
		{D42CFD9A-41D1-447A-A97F-02E5B4FFE639} = {89BDB2F6-9751-440B-AAFD-51AFEFC850F9}
		{8A83F533-A053-4C9A-AAEA-D5EA4B088CAE} = {89BDB2F6-9751-440B-AAFD-51AFEFC850F9}
		{2C4C16AF-7F03-4F3F-BDAD-5F3D3FDFAD5F} = {89BDB2F6-9751-440B-AAFD-51AFEFC850F9}
		{E2C56EEC-F140-4501-A798-2A2498B1936F} = {89BDB2F6-9751-440B-AAFD-51AFEFC850F9}
		{2441799D-228E-4666-AB47-2D6C794C501E} = {89BDB2F6-9751-440B-AAFD-51AFEFC850F9}
		{A1D89104-7C04-4F09-A400-8D5F0E39AFCF} = {89BDB2F6-9751-440B-AAFD-51AFEFC850F9}
		{88477BD4-CE86-40B6-BAE7-B6141DEC4290} = {89BDB2F6-9751-440B-AAFD-51AFEFC850F9}
		{4E2ABCE5-A4AE-4F69-BA4F-6B8FF6FE9C39} = {68107AB5-A218-452D-B860-C2AA6E5BF3A0}
		{DFC6E289-AD89-4CDC-BC52-32A71B230CF6} = {68107AB5-A218-452D-B860-C2AA6E5BF3A0}
		{5511CAFB-AC80-4CED-B789-553CEB239B6C} = {68107AB5-A218-452D-B860-C2AA6E5BF3A0}
		{7069326B-7527-4BDD-8F9E-2ED52564621E} = {68107AB5-A218-452D-B860-C2AA6E5BF3A0}
		{8E135C5B-2ED1-4CA6-905B-392CCD1842F5} = {4346F7F8-B987-412A-8FD7-517F5D686BD5}
		{C74E5A2C-E38F-4CC1-BC29-F278302DB510} = {4346F7F8-B987-412A-8FD7-517F5D686BD5}
		{72DC8DB2-5F04-4A4D-B7AB-9CFC7A9B3220} = {4346F7F8-B987-412A-8FD7-517F5D686BD5}
		{2E1DDC6A-986B-4AAC-A49C-2AFA4AEE6DF7} = {4346F7F8-B987-412A-8FD7-517F5D686BD5}
	EndGlobalSection
	GlobalSection(ExtensibilityGlobals) = postSolution
		DPBuild = 5
	EndGlobalSection
EndGlobal
