Microsoft Visual Studio Solution File, Format Version 9.00
# Visual Studio 2005
Project("{8BC9CEB8-8B4A-11D0-8D11-00A0C91BC942}") = "AgramtabLib", "AgramtabLib\AgramtabLib.vcproj", "{2C4C16AF-7F03-4F3F-BDAD-5F3D3FDFAD5F}"
EndProject
Project("{8BC9CEB8-8B4A-11D0-8D11-00A0C91BC942}") = "LemmatizerLib", "LemmatizerLib\LemmatizerLib.vcproj", "{BC392768-3498-4F23-B7A8-A2958258E098}"
	ProjectSection(ProjectDependencies) = postProject
		{4E2ABCE5-A4AE-4F69-BA4F-6B8FF6FE9C39} = {4E2ABCE5-A4AE-4F69-BA4F-6B8FF6FE9C39}
		{E9B1B8FF-71A8-4721-AA54-61DE19CCB871} = {E9B1B8FF-71A8-4721-AA54-61DE19CCB871}
	EndProjectSection
EndProject
Project("{8BC9CEB8-8B4A-11D0-8D11-00A0C91BC942}") = "GraphanLib", "GraphanLib\GraphanLib.vcproj", "{4E2ABCE5-A4AE-4F69-BA4F-6B8FF6FE9C39}"
	ProjectSection(ProjectDependencies) = postProject
		{D42CFD9A-41D1-447A-A97F-02E5B4FFE639} = {D42CFD9A-41D1-447A-A97F-02E5B4FFE639}
	EndProjectSection
EndProject
Project("{8BC9CEB8-8B4A-11D0-8D11-00A0C91BC942}") = "Trigram", "Trigram\Trigram.vcproj", "{4292E1EC-F61A-41D5-A3E0-6EB3FFA97384}"
	ProjectSection(ProjectDependencies) = postProject
		{DE7A9722-7715-4480-93AD-C9CF3F02D19C} = {DE7A9722-7715-4480-93AD-C9CF3F02D19C}
		{BC392768-3498-4F23-B7A8-A2958258E098} = {BC392768-3498-4F23-B7A8-A2958258E098}
		{2C4C16AF-7F03-4F3F-BDAD-5F3D3FDFAD5F} = {2C4C16AF-7F03-4F3F-BDAD-5F3D3FDFAD5F}
		{4E2ABCE5-A4AE-4F69-BA4F-6B8FF6FE9C39} = {4E2ABCE5-A4AE-4F69-BA4F-6B8FF6FE9C39}
		{E9B1B8FF-71A8-4721-AA54-61DE19CCB871} = {E9B1B8FF-71A8-4721-AA54-61DE19CCB871}
	EndProjectSection
EndProject
Project("{8BC9CEB8-8B4A-11D0-8D11-00A0C91BC942}") = "TrigramLib", "TrigramLib\TrigramLib.vcproj", "{DE7A9722-7715-4480-93AD-C9CF3F02D19C}"
EndProject
Project("{8BC9CEB8-8B4A-11D0-8D11-00A0C91BC942}") = "MorphWizardLib", "MorphWizardLib\MorphWizardLib.vcproj", "{E9B1B8FF-71A8-4721-AA54-61DE19CCB871}"
EndProject
Project("{8BC9CEB8-8B4A-11D0-8D11-00A0C91BC942}") = "StructDictLib", "StructDictLib\StructDictLib.vcproj", "{D42CFD9A-41D1-447A-A97F-02E5B4FFE639}"
EndProject
Project("{8BC9CEB8-8B4A-11D0-8D11-00A0C91BC942}") = "Bigrams", "Bigrams\Bigrams.vcproj", "{BF9D9E5B-8589-4311-8FF7-7B1F9CDCABD6}"
	ProjectSection(ProjectDependencies) = postProject
		{DE7A9722-7715-4480-93AD-C9CF3F02D19C} = {DE7A9722-7715-4480-93AD-C9CF3F02D19C}
		{BC392768-3498-4F23-B7A8-A2958258E098} = {BC392768-3498-4F23-B7A8-A2958258E098}
		{2C4C16AF-7F03-4F3F-BDAD-5F3D3FDFAD5F} = {2C4C16AF-7F03-4F3F-BDAD-5F3D3FDFAD5F}
	EndProjectSection
EndProject
Project("{8BC9CEB8-8B4A-11D0-8D11-00A0C91BC942}") = "MorphXml2Update", "MorphXml2Update\MorphXml2Update.vcproj", "{77EFA5A1-9E2A-49FF-85DF-BF47798CE386}"
	ProjectSection(ProjectDependencies) = postProject
		{166ACB77-4121-4B90-AA34-8AACDE04CC2A} = {166ACB77-4121-4B90-AA34-8AACDE04CC2A}
		{BC392768-3498-4F23-B7A8-A2958258E098} = {BC392768-3498-4F23-B7A8-A2958258E098}
		{2441799D-228E-4666-AB47-2D6C794C501E} = {2441799D-228E-4666-AB47-2D6C794C501E}
		{2C4C16AF-7F03-4F3F-BDAD-5F3D3FDFAD5F} = {2C4C16AF-7F03-4F3F-BDAD-5F3D3FDFAD5F}
		{E9B1B8FF-71A8-4721-AA54-61DE19CCB871} = {E9B1B8FF-71A8-4721-AA54-61DE19CCB871}
	EndProjectSection
EndProject
Project("{8BC9CEB8-8B4A-11D0-8D11-00A0C91BC942}") = "tinyxml", "tinyxml\tinyxml_lib.vcproj", "{166ACB77-4121-4B90-AA34-8AACDE04CC2A}"
EndProject
Project("{8BC9CEB8-8B4A-11D0-8D11-00A0C91BC942}") = "t3", "t3\t3.vcproj", "{5FAC13CE-ED90-4476-8B38-0A95943A5E78}"
EndProject
Project("{8BC9CEB8-8B4A-11D0-8D11-00A0C91BC942}") = "RusCorpusXmlConvertor", "RusCorpusXmlComveror\RusCorpusXmlComveror.vcproj", "{4C8D500C-91A4-4229-BA23-C57B81B156FA}"
EndProject
Project("{8BC9CEB8-8B4A-11D0-8D11-00A0C91BC942}") = "CheckSyntaxPrecision", "CheckSyntaxPrecision\CheckSyntaxPrecision.vcproj", "{8BD398C1-E494-4155-B2F6-C5438ACA8A66}"
	ProjectSection(ProjectDependencies) = postProject
		{2C4C16AF-7F03-4F3F-BDAD-5F3D3FDFAD5F} = {2C4C16AF-7F03-4F3F-BDAD-5F3D3FDFAD5F}
	EndProjectSection
EndProject
Project("{8BC9CEB8-8B4A-11D0-8D11-00A0C91BC942}") = "MorphXmlToText", "MorphXmlToText\MorphXmlToText.vcproj", "{5277C061-F470-450E-BDB7-AF3F2EDD4E3F}"
EndProject
Project("{8BC9CEB8-8B4A-11D0-8D11-00A0C91BC942}") = "BigramsIndex", "BigramsIndex\BigramsIndex.vcproj", "{C43A5486-F5A8-4C40-92C7-45E8A2093E72}"
EndProject
Project("{8BC9CEB8-8B4A-11D0-8D11-00A0C91BC942}") = "BigramsCGI", "BigramsCGI\BigramsCGI.vcproj", "{7A3ED817-ADCC-4831-BBE9-3C7B0C20EE68}"
EndProject
Project("{8BC9CEB8-8B4A-11D0-8D11-00A0C91BC942}") = "AttachFreqToSlf", "AttachFreqToSlf\AttachFreqToSlf.vcproj", "{D265B15A-EE32-4C9D-B069-7FB9B6E8E847}"
	ProjectSection(ProjectDependencies) = postProject
		{2C4C16AF-7F03-4F3F-BDAD-5F3D3FDFAD5F} = {2C4C16AF-7F03-4F3F-BDAD-5F3D3FDFAD5F}
		{E9B1B8FF-71A8-4721-AA54-61DE19CCB871} = {E9B1B8FF-71A8-4721-AA54-61DE19CCB871}
	EndProjectSection
EndProject
Project("{8BC9CEB8-8B4A-11D0-8D11-00A0C91BC942}") = "BinaryDictsLib", "BinaryDictsLib\BinaryDictsLib.vcproj", "{2441799D-228E-4666-AB47-2D6C794C501E}"
EndProject
Project("{8BC9CEB8-8B4A-11D0-8D11-00A0C91BC942}") = "PrintBigrams", "PrintBigrams\PrintBigrams.vcproj", "{C26D49BF-4F07-4434-9040-B1380DA9A7CA}"
EndProject
Project("{8BC9CEB8-8B4A-11D0-8D11-00A0C91BC942}") = "XmlRusCorpora", "XmlRusCorpora\XmlRusCorpora.vcproj", "{5A872D24-5FD4-43F4-9357-8440040509AB}"
EndProject
Project("{8BC9CEB8-8B4A-11D0-8D11-00A0C91BC942}") = "TrigramRusCorporaXml", "TrigramRusCorporaXml\TrigramRusCorporaXml.vcproj", "{7FA50AA7-07A7-41DC-AA1F-2ECD952CD7FD}"
	ProjectSection(ProjectDependencies) = postProject
		{4E2ABCE5-A4AE-4F69-BA4F-6B8FF6FE9C39} = {4E2ABCE5-A4AE-4F69-BA4F-6B8FF6FE9C39}
		{2C4C16AF-7F03-4F3F-BDAD-5F3D3FDFAD5F} = {2C4C16AF-7F03-4F3F-BDAD-5F3D3FDFAD5F}
		{166ACB77-4121-4B90-AA34-8AACDE04CC2A} = {166ACB77-4121-4B90-AA34-8AACDE04CC2A}
		{BC392768-3498-4F23-B7A8-A2958258E098} = {BC392768-3498-4F23-B7A8-A2958258E098}
		{DE7A9722-7715-4480-93AD-C9CF3F02D19C} = {DE7A9722-7715-4480-93AD-C9CF3F02D19C}
	EndProjectSection
EndProject
Project("{8BC9CEB8-8B4A-11D0-8D11-00A0C91BC942}") = "ConvertTrigramBinary", "ConvertTrigramBinary\ConvertTrigramBinary.vcproj", "{5E4DE9C0-4D43-476F-BEE9-DF9A6E85C744}"
	ProjectSection(ProjectDependencies) = postProject
		{DE7A9722-7715-4480-93AD-C9CF3F02D19C} = {DE7A9722-7715-4480-93AD-C9CF3F02D19C}
		{BC392768-3498-4F23-B7A8-A2958258E098} = {BC392768-3498-4F23-B7A8-A2958258E098}
		{2C4C16AF-7F03-4F3F-BDAD-5F3D3FDFAD5F} = {2C4C16AF-7F03-4F3F-BDAD-5F3D3FDFAD5F}
		{4E2ABCE5-A4AE-4F69-BA4F-6B8FF6FE9C39} = {4E2ABCE5-A4AE-4F69-BA4F-6B8FF6FE9C39}
		{E9B1B8FF-71A8-4721-AA54-61DE19CCB871} = {E9B1B8FF-71A8-4721-AA54-61DE19CCB871}
	EndProjectSection
EndProject
Project("{8BC9CEB8-8B4A-11D0-8D11-00A0C91BC942}") = "MorphXml2Cooked", "MorphXml2Cooked\MorphXml2Cooked.vcproj", "{16B619EF-6372-402D-A418-6A79323633A4}"
	ProjectSection(ProjectDependencies) = postProject
		{2C4C16AF-7F03-4F3F-BDAD-5F3D3FDFAD5F} = {2C4C16AF-7F03-4F3F-BDAD-5F3D3FDFAD5F}
		{166ACB77-4121-4B90-AA34-8AACDE04CC2A} = {166ACB77-4121-4B90-AA34-8AACDE04CC2A}
	EndProjectSection
EndProject
Global
	GlobalSection(SolutionConfigurationPlatforms) = preSolution
		Debug|Win32 = Debug|Win32
		Release|Win32 = Release|Win32
	EndGlobalSection
	GlobalSection(ProjectConfigurationPlatforms) = postSolution
		{2C4C16AF-7F03-4F3F-BDAD-5F3D3FDFAD5F}.Debug|Win32.ActiveCfg = Debug|Win32
		{2C4C16AF-7F03-4F3F-BDAD-5F3D3FDFAD5F}.Debug|Win32.Build.0 = Debug|Win32
		{2C4C16AF-7F03-4F3F-BDAD-5F3D3FDFAD5F}.Release|Win32.ActiveCfg = Release|Win32
		{2C4C16AF-7F03-4F3F-BDAD-5F3D3FDFAD5F}.Release|Win32.Build.0 = Release|Win32
		{BC392768-3498-4F23-B7A8-A2958258E098}.Debug|Win32.ActiveCfg = Debug|Win32
		{BC392768-3498-4F23-B7A8-A2958258E098}.Debug|Win32.Build.0 = Debug|Win32
		{BC392768-3498-4F23-B7A8-A2958258E098}.Release|Win32.ActiveCfg = Release|Win32
		{BC392768-3498-4F23-B7A8-A2958258E098}.Release|Win32.Build.0 = Release|Win32
		{4E2ABCE5-A4AE-4F69-BA4F-6B8FF6FE9C39}.Debug|Win32.ActiveCfg = Debug|Win32
		{4E2ABCE5-A4AE-4F69-BA4F-6B8FF6FE9C39}.Debug|Win32.Build.0 = Debug|Win32
		{4E2ABCE5-A4AE-4F69-BA4F-6B8FF6FE9C39}.Release|Win32.ActiveCfg = Release|Win32
		{4E2ABCE5-A4AE-4F69-BA4F-6B8FF6FE9C39}.Release|Win32.Build.0 = Release|Win32
		{4292E1EC-F61A-41D5-A3E0-6EB3FFA97384}.Debug|Win32.ActiveCfg = Debug|Win32
		{4292E1EC-F61A-41D5-A3E0-6EB3FFA97384}.Debug|Win32.Build.0 = Debug|Win32
		{4292E1EC-F61A-41D5-A3E0-6EB3FFA97384}.Release|Win32.ActiveCfg = Release|Win32
		{4292E1EC-F61A-41D5-A3E0-6EB3FFA97384}.Release|Win32.Build.0 = Release|Win32
		{DE7A9722-7715-4480-93AD-C9CF3F02D19C}.Debug|Win32.ActiveCfg = Debug|Win32
		{DE7A9722-7715-4480-93AD-C9CF3F02D19C}.Debug|Win32.Build.0 = Debug|Win32
		{DE7A9722-7715-4480-93AD-C9CF3F02D19C}.Release|Win32.ActiveCfg = Release|Win32
		{DE7A9722-7715-4480-93AD-C9CF3F02D19C}.Release|Win32.Build.0 = Release|Win32
		{E9B1B8FF-71A8-4721-AA54-61DE19CCB871}.Debug|Win32.ActiveCfg = Debug|Win32
		{E9B1B8FF-71A8-4721-AA54-61DE19CCB871}.Debug|Win32.Build.0 = Debug|Win32
		{E9B1B8FF-71A8-4721-AA54-61DE19CCB871}.Release|Win32.ActiveCfg = Release|Win32
		{E9B1B8FF-71A8-4721-AA54-61DE19CCB871}.Release|Win32.Build.0 = Release|Win32
		{D42CFD9A-41D1-447A-A97F-02E5B4FFE639}.Debug|Win32.ActiveCfg = Debug|Win32
		{D42CFD9A-41D1-447A-A97F-02E5B4FFE639}.Debug|Win32.Build.0 = Debug|Win32
		{D42CFD9A-41D1-447A-A97F-02E5B4FFE639}.Release|Win32.ActiveCfg = Release|Win32
		{D42CFD9A-41D1-447A-A97F-02E5B4FFE639}.Release|Win32.Build.0 = Release|Win32
		{BF9D9E5B-8589-4311-8FF7-7B1F9CDCABD6}.Debug|Win32.ActiveCfg = Debug|Win32
		{BF9D9E5B-8589-4311-8FF7-7B1F9CDCABD6}.Debug|Win32.Build.0 = Debug|Win32
		{BF9D9E5B-8589-4311-8FF7-7B1F9CDCABD6}.Release|Win32.ActiveCfg = Release|Win32
		{BF9D9E5B-8589-4311-8FF7-7B1F9CDCABD6}.Release|Win32.Build.0 = Release|Win32
		{77EFA5A1-9E2A-49FF-85DF-BF47798CE386}.Debug|Win32.ActiveCfg = Debug|Win32
		{77EFA5A1-9E2A-49FF-85DF-BF47798CE386}.Debug|Win32.Build.0 = Debug|Win32
		{77EFA5A1-9E2A-49FF-85DF-BF47798CE386}.Release|Win32.ActiveCfg = Release|Win32
		{77EFA5A1-9E2A-49FF-85DF-BF47798CE386}.Release|Win32.Build.0 = Release|Win32
		{166ACB77-4121-4B90-AA34-8AACDE04CC2A}.Debug|Win32.ActiveCfg = Debug|Win32
		{166ACB77-4121-4B90-AA34-8AACDE04CC2A}.Debug|Win32.Build.0 = Debug|Win32
		{166ACB77-4121-4B90-AA34-8AACDE04CC2A}.Release|Win32.ActiveCfg = Release|Win32
		{166ACB77-4121-4B90-AA34-8AACDE04CC2A}.Release|Win32.Build.0 = Release|Win32
		{5FAC13CE-ED90-4476-8B38-0A95943A5E78}.Debug|Win32.ActiveCfg = Debug|Win32
		{5FAC13CE-ED90-4476-8B38-0A95943A5E78}.Debug|Win32.Build.0 = Debug|Win32
		{5FAC13CE-ED90-4476-8B38-0A95943A5E78}.Release|Win32.ActiveCfg = Release|Win32
		{5FAC13CE-ED90-4476-8B38-0A95943A5E78}.Release|Win32.Build.0 = Release|Win32
		{4C8D500C-91A4-4229-BA23-C57B81B156FA}.Debug|Win32.ActiveCfg = Debug|Win32
		{4C8D500C-91A4-4229-BA23-C57B81B156FA}.Debug|Win32.Build.0 = Debug|Win32
		{4C8D500C-91A4-4229-BA23-C57B81B156FA}.Release|Win32.ActiveCfg = Release|Win32
		{4C8D500C-91A4-4229-BA23-C57B81B156FA}.Release|Win32.Build.0 = Release|Win32
		{8BD398C1-E494-4155-B2F6-C5438ACA8A66}.Debug|Win32.ActiveCfg = Debug|Win32
		{8BD398C1-E494-4155-B2F6-C5438ACA8A66}.Debug|Win32.Build.0 = Debug|Win32
		{8BD398C1-E494-4155-B2F6-C5438ACA8A66}.Release|Win32.ActiveCfg = Release|Win32
		{8BD398C1-E494-4155-B2F6-C5438ACA8A66}.Release|Win32.Build.0 = Release|Win32
		{5277C061-F470-450E-BDB7-AF3F2EDD4E3F}.Debug|Win32.ActiveCfg = Debug|Win32
		{5277C061-F470-450E-BDB7-AF3F2EDD4E3F}.Debug|Win32.Build.0 = Debug|Win32
		{5277C061-F470-450E-BDB7-AF3F2EDD4E3F}.Release|Win32.ActiveCfg = Release|Win32
		{5277C061-F470-450E-BDB7-AF3F2EDD4E3F}.Release|Win32.Build.0 = Release|Win32
		{C43A5486-F5A8-4C40-92C7-45E8A2093E72}.Debug|Win32.ActiveCfg = Debug|Win32
		{C43A5486-F5A8-4C40-92C7-45E8A2093E72}.Debug|Win32.Build.0 = Debug|Win32
		{C43A5486-F5A8-4C40-92C7-45E8A2093E72}.Release|Win32.ActiveCfg = Release|Win32
		{C43A5486-F5A8-4C40-92C7-45E8A2093E72}.Release|Win32.Build.0 = Release|Win32
		{7A3ED817-ADCC-4831-BBE9-3C7B0C20EE68}.Debug|Win32.ActiveCfg = Debug|Win32
		{7A3ED817-ADCC-4831-BBE9-3C7B0C20EE68}.Debug|Win32.Build.0 = Debug|Win32
		{7A3ED817-ADCC-4831-BBE9-3C7B0C20EE68}.Release|Win32.ActiveCfg = Release|Win32
		{7A3ED817-ADCC-4831-BBE9-3C7B0C20EE68}.Release|Win32.Build.0 = Release|Win32
		{D265B15A-EE32-4C9D-B069-7FB9B6E8E847}.Debug|Win32.ActiveCfg = Debug|Win32
		{D265B15A-EE32-4C9D-B069-7FB9B6E8E847}.Debug|Win32.Build.0 = Debug|Win32
		{D265B15A-EE32-4C9D-B069-7FB9B6E8E847}.Release|Win32.ActiveCfg = Release|Win32
		{D265B15A-EE32-4C9D-B069-7FB9B6E8E847}.Release|Win32.Build.0 = Release|Win32
		{2441799D-228E-4666-AB47-2D6C794C501E}.Debug|Win32.ActiveCfg = Debug|Win32
		{2441799D-228E-4666-AB47-2D6C794C501E}.Debug|Win32.Build.0 = Debug|Win32
		{2441799D-228E-4666-AB47-2D6C794C501E}.Release|Win32.ActiveCfg = Release|Win32
		{2441799D-228E-4666-AB47-2D6C794C501E}.Release|Win32.Build.0 = Release|Win32
		{C26D49BF-4F07-4434-9040-B1380DA9A7CA}.Debug|Win32.ActiveCfg = Debug|Win32
		{C26D49BF-4F07-4434-9040-B1380DA9A7CA}.Debug|Win32.Build.0 = Debug|Win32
		{C26D49BF-4F07-4434-9040-B1380DA9A7CA}.Release|Win32.ActiveCfg = Release|Win32
		{C26D49BF-4F07-4434-9040-B1380DA9A7CA}.Release|Win32.Build.0 = Release|Win32
		{5A872D24-5FD4-43F4-9357-8440040509AB}.Debug|Win32.ActiveCfg = Debug|Win32
		{5A872D24-5FD4-43F4-9357-8440040509AB}.Debug|Win32.Build.0 = Debug|Win32
		{5A872D24-5FD4-43F4-9357-8440040509AB}.Release|Win32.ActiveCfg = Release|Win32
		{5A872D24-5FD4-43F4-9357-8440040509AB}.Release|Win32.Build.0 = Release|Win32
		{7FA50AA7-07A7-41DC-AA1F-2ECD952CD7FD}.Debug|Win32.ActiveCfg = Debug|Win32
		{7FA50AA7-07A7-41DC-AA1F-2ECD952CD7FD}.Debug|Win32.Build.0 = Debug|Win32
		{7FA50AA7-07A7-41DC-AA1F-2ECD952CD7FD}.Release|Win32.ActiveCfg = Release|Win32
		{7FA50AA7-07A7-41DC-AA1F-2ECD952CD7FD}.Release|Win32.Build.0 = Release|Win32
		{5E4DE9C0-4D43-476F-BEE9-DF9A6E85C744}.Debug|Win32.ActiveCfg = Debug|Win32
		{5E4DE9C0-4D43-476F-BEE9-DF9A6E85C744}.Debug|Win32.Build.0 = Debug|Win32
		{5E4DE9C0-4D43-476F-BEE9-DF9A6E85C744}.Release|Win32.ActiveCfg = Release|Win32
		{5E4DE9C0-4D43-476F-BEE9-DF9A6E85C744}.Release|Win32.Build.0 = Release|Win32
		{16B619EF-6372-402D-A418-6A79323633A4}.Debug|Win32.ActiveCfg = Debug|Win32
		{16B619EF-6372-402D-A418-6A79323633A4}.Debug|Win32.Build.0 = Debug|Win32
		{16B619EF-6372-402D-A418-6A79323633A4}.Release|Win32.ActiveCfg = Release|Win32
		{16B619EF-6372-402D-A418-6A79323633A4}.Release|Win32.Build.0 = Release|Win32
	EndGlobalSection
	GlobalSection(SolutionProperties) = preSolution
		HideSolutionNode = FALSE
	EndGlobalSection
	GlobalSection(DPCodeReviewSolutionGUID) = preSolution
		DPCodeReviewSolutionGUID = {00000000-0000-0000-0000-000000000000}
	EndGlobalSection
EndGlobal
